
Microsoft Visual Studio Solution File, Format Version 10.00
# Visual Studio 2008
Project("{2150E333-8FDC-42A3-9474-1A3956D46DE8}") = "NativeEngine", "NativeEngine", "{93AB72CD-C2AC-4BAB-BA87-DCCE20E9DED6}"
EndProject
Project("{2150E333-8FDC-42A3-9474-1A3956D46DE8}") = "ManagedEngine", "ManagedEngine", "{F28B5041-2437-45B6-ADBC-4A5180AD54E9}"
EndProject
Project("{8BC9CEB8-8B4A-11D0-8D11-00A0C91BC942}") = "NexusEngineCLI", "NexusManaged\NexusEngineCLI\NexusEngineCLI.vcproj", "{1C2F58EF-63FC-4A85-A67F-5B5BC9721BDF}"
	ProjectSection(ProjectDependencies) = postProject
		{C1AA7498-EF6F-4DA6-812A-67079E1C26C9} = {C1AA7498-EF6F-4DA6-812A-67079E1C26C9}
		{D6BC70C7-1A83-4046-8F36-2BD29F579486} = {D6BC70C7-1A83-4046-8F36-2BD29F579486}
	EndProjectSection
EndProject
Project("{FAE04EC0-301F-11D3-BF4B-00C04F79EFBC}") = "NexusClientEngine", "NexusManaged\NexusClientEngine\NexusClientEngine.csproj", "{9DFF3F83-5D4D-4E00-B425-EBFABAC7B99B}"
EndProject
Project("{FAE04EC0-301F-11D3-BF4B-00C04F79EFBC}") = "NexusEditor", "NexusManaged\NexusEditor\NexusEditor.csproj", "{CB27385B-5D9A-432B-A142-A43374506466}"
EndProject
Project("{8BC9CEB8-8B4A-11D0-8D11-00A0C91BC942}") = "ConvexDecomposition", "NexusNative\ConvexDecomposition\ConvexDecomposition.vcproj", "{94A33CB1-1E9D-470B-B4E0-DC433C85F6B0}"
EndProject
Project("{8BC9CEB8-8B4A-11D0-8D11-00A0C91BC942}") = "ncore", "NexusNative\ncore\ncore.vcproj", "{D6BC70C7-1A83-4046-8F36-2BD29F579486}"
EndProject
Project("{8BC9CEB8-8B4A-11D0-8D11-00A0C91BC942}") = "nengine", "NexusNative\nengine\nengine.vcproj", "{C1AA7498-EF6F-4DA6-812A-67079E1C26C9}"
	ProjectSection(ProjectDependencies) = postProject
		{94A33CB1-1E9D-470B-B4E0-DC433C85F6B0} = {94A33CB1-1E9D-470B-B4E0-DC433C85F6B0}
		{D6BC70C7-1A83-4046-8F36-2BD29F579486} = {D6BC70C7-1A83-4046-8F36-2BD29F579486}
	EndProjectSection
EndProject
Project("{8BC9CEB8-8B4A-11D0-8D11-00A0C91BC942}") = "nrender_d3d9", "NexusNative\nrender_d3d9\nrender_d3d9.vcproj", "{31070671-A77A-4258-ACC7-7AF601FB6982}"
	ProjectSection(ProjectDependencies) = postProject
		{C1AA7498-EF6F-4DA6-812A-67079E1C26C9} = {C1AA7498-EF6F-4DA6-812A-67079E1C26C9}
		{D6BC70C7-1A83-4046-8F36-2BD29F579486} = {D6BC70C7-1A83-4046-8F36-2BD29F579486}
	EndProjectSection
EndProject
Project("{8BC9CEB8-8B4A-11D0-8D11-00A0C91BC942}") = "nresource_importer", "NexusNative\nresource_importer\nresource_importer.vcproj", "{73F7BDD7-611A-4945-976A-EBB4B31C5495}"
	ProjectSection(ProjectDependencies) = postProject
		{C1AA7498-EF6F-4DA6-812A-67079E1C26C9} = {C1AA7498-EF6F-4DA6-812A-67079E1C26C9}
		{D6BC70C7-1A83-4046-8F36-2BD29F579486} = {D6BC70C7-1A83-4046-8F36-2BD29F579486}
	EndProjectSection
EndProject
Project("{8BC9CEB8-8B4A-11D0-8D11-00A0C91BC942}") = "nshaders", "NexusNative\nshaders\nshaders.vcproj", "{1A286195-4D8D-42EB-A84E-68E5D3CC0193}"
EndProject
Project("{2150E333-8FDC-42A3-9474-1A3956D46DE8}") = "NativeUnitTest", "NativeUnitTest", "{13232E58-EDA0-45B4-ADF0-FC3FAC2FB96B}"
EndProject
Project("{8BC9CEB8-8B4A-11D0-8D11-00A0C91BC942}") = "test_core", "NativeUnitTest\test_core\test_core.vcproj", "{2A4FA9A7-3D73-4D3D-883C-B230AD430E92}"
	ProjectSection(ProjectDependencies) = postProject
		{D6BC70C7-1A83-4046-8F36-2BD29F579486} = {D6BC70C7-1A83-4046-8F36-2BD29F579486}
	EndProjectSection
EndProject
Project("{8BC9CEB8-8B4A-11D0-8D11-00A0C91BC942}") = "test_engine_con", "NativeUnitTest\test_engine_con\test_engine_con.vcproj", "{449AEF79-7C21-4689-B314-CBCC6D4E819B}"
	ProjectSection(ProjectDependencies) = postProject
		{C1AA7498-EF6F-4DA6-812A-67079E1C26C9} = {C1AA7498-EF6F-4DA6-812A-67079E1C26C9}
		{D6BC70C7-1A83-4046-8F36-2BD29F579486} = {D6BC70C7-1A83-4046-8F36-2BD29F579486}
	EndProjectSection
EndProject
Project("{8BC9CEB8-8B4A-11D0-8D11-00A0C91BC942}") = "win32_test", "NativeUnitTest\win32_test\win32_test.vcproj", "{83FC05E9-68DC-498C-8D7C-D47997E825B4}"
	ProjectSection(ProjectDependencies) = postProject
		{31070671-A77A-4258-ACC7-7AF601FB6982} = {31070671-A77A-4258-ACC7-7AF601FB6982}
		{C1AA7498-EF6F-4DA6-812A-67079E1C26C9} = {C1AA7498-EF6F-4DA6-812A-67079E1C26C9}
		{D6BC70C7-1A83-4046-8F36-2BD29F579486} = {D6BC70C7-1A83-4046-8F36-2BD29F579486}
		{73F7BDD7-611A-4945-976A-EBB4B31C5495} = {73F7BDD7-611A-4945-976A-EBB4B31C5495}
	EndProjectSection
EndProject
Project("{8BC9CEB8-8B4A-11D0-8D11-00A0C91BC942}") = "NexusTechDemo", "NexusTechDemo\NexusTechDemo.vcproj", "{3BA696C7-1A98-40AC-B76A-1F319FD829A3}"
	ProjectSection(ProjectDependencies) = postProject
		{C1AA7498-EF6F-4DA6-812A-67079E1C26C9} = {C1AA7498-EF6F-4DA6-812A-67079E1C26C9}
		{D6BC70C7-1A83-4046-8F36-2BD29F579486} = {D6BC70C7-1A83-4046-8F36-2BD29F579486}
	EndProjectSection
EndProject
Global
	GlobalSection(SolutionConfigurationPlatforms) = preSolution
		Debug|Any CPU = Debug|Any CPU
		Debug|Mixed Platforms = Debug|Mixed Platforms
		Debug|Win32 = Debug|Win32
		Release|Any CPU = Release|Any CPU
		Release|Mixed Platforms = Release|Mixed Platforms
		Release|Win32 = Release|Win32
	EndGlobalSection
	GlobalSection(ProjectConfigurationPlatforms) = postSolution
		{1C2F58EF-63FC-4A85-A67F-5B5BC9721BDF}.Debug|Any CPU.ActiveCfg = Debug|Win32
		{1C2F58EF-63FC-4A85-A67F-5B5BC9721BDF}.Debug|Any CPU.Build.0 = Debug|Win32
		{1C2F58EF-63FC-4A85-A67F-5B5BC9721BDF}.Debug|Mixed Platforms.ActiveCfg = Debug|Win32
		{1C2F58EF-63FC-4A85-A67F-5B5BC9721BDF}.Debug|Mixed Platforms.Build.0 = Debug|Win32
		{1C2F58EF-63FC-4A85-A67F-5B5BC9721BDF}.Debug|Win32.ActiveCfg = Debug|Win32
		{1C2F58EF-63FC-4A85-A67F-5B5BC9721BDF}.Release|Any CPU.ActiveCfg = Release|Win32
		{1C2F58EF-63FC-4A85-A67F-5B5BC9721BDF}.Release|Mixed Platforms.ActiveCfg = Release|Win32
		{1C2F58EF-63FC-4A85-A67F-5B5BC9721BDF}.Release|Mixed Platforms.Build.0 = Release|Win32
		{1C2F58EF-63FC-4A85-A67F-5B5BC9721BDF}.Release|Win32.ActiveCfg = Release|Win32
		{1C2F58EF-63FC-4A85-A67F-5B5BC9721BDF}.Release|Win32.Build.0 = Release|Win32
		{9DFF3F83-5D4D-4E00-B425-EBFABAC7B99B}.Debug|Any CPU.ActiveCfg = Debug|Any CPU
		{9DFF3F83-5D4D-4E00-B425-EBFABAC7B99B}.Debug|Any CPU.Build.0 = Debug|Any CPU
		{9DFF3F83-5D4D-4E00-B425-EBFABAC7B99B}.Debug|Mixed Platforms.ActiveCfg = Debug|Any CPU
		{9DFF3F83-5D4D-4E00-B425-EBFABAC7B99B}.Debug|Mixed Platforms.Build.0 = Debug|Any CPU
		{9DFF3F83-5D4D-4E00-B425-EBFABAC7B99B}.Debug|Win32.ActiveCfg = Debug|Any CPU
		{9DFF3F83-5D4D-4E00-B425-EBFABAC7B99B}.Release|Any CPU.ActiveCfg = Release|Any CPU
		{9DFF3F83-5D4D-4E00-B425-EBFABAC7B99B}.Release|Any CPU.Build.0 = Release|Any CPU
		{9DFF3F83-5D4D-4E00-B425-EBFABAC7B99B}.Release|Mixed Platforms.ActiveCfg = Release|Any CPU
		{9DFF3F83-5D4D-4E00-B425-EBFABAC7B99B}.Release|Mixed Platforms.Build.0 = Release|Any CPU
		{9DFF3F83-5D4D-4E00-B425-EBFABAC7B99B}.Release|Win32.ActiveCfg = Release|Any CPU
		{CB27385B-5D9A-432B-A142-A43374506466}.Debug|Any CPU.ActiveCfg = Debug|Any CPU
		{CB27385B-5D9A-432B-A142-A43374506466}.Debug|Any CPU.Build.0 = Debug|Any CPU
		{CB27385B-5D9A-432B-A142-A43374506466}.Debug|Mixed Platforms.ActiveCfg = Debug|Any CPU
		{CB27385B-5D9A-432B-A142-A43374506466}.Debug|Mixed Platforms.Build.0 = Debug|Any CPU
		{CB27385B-5D9A-432B-A142-A43374506466}.Debug|Win32.ActiveCfg = Debug|Any CPU
		{CB27385B-5D9A-432B-A142-A43374506466}.Release|Any CPU.ActiveCfg = Release|Any CPU
		{CB27385B-5D9A-432B-A142-A43374506466}.Release|Any CPU.Build.0 = Release|Any CPU
		{CB27385B-5D9A-432B-A142-A43374506466}.Release|Mixed Platforms.ActiveCfg = Release|Any CPU
		{CB27385B-5D9A-432B-A142-A43374506466}.Release|Mixed Platforms.Build.0 = Release|Any CPU
		{CB27385B-5D9A-432B-A142-A43374506466}.Release|Win32.ActiveCfg = Release|Any CPU
		{94A33CB1-1E9D-470B-B4E0-DC433C85F6B0}.Debug|Any CPU.ActiveCfg = Debug|Win32
		{94A33CB1-1E9D-470B-B4E0-DC433C85F6B0}.Debug|Mixed Platforms.ActiveCfg = Debug|Win32
		{94A33CB1-1E9D-470B-B4E0-DC433C85F6B0}.Debug|Mixed Platforms.Build.0 = Debug|Win32
		{94A33CB1-1E9D-470B-B4E0-DC433C85F6B0}.Debug|Win32.ActiveCfg = Debug|Win32
		{94A33CB1-1E9D-470B-B4E0-DC433C85F6B0}.Debug|Win32.Build.0 = Debug|Win32
		{94A33CB1-1E9D-470B-B4E0-DC433C85F6B0}.Release|Any CPU.ActiveCfg = Release|Win32
		{94A33CB1-1E9D-470B-B4E0-DC433C85F6B0}.Release|Mixed Platforms.ActiveCfg = Release|Win32
		{94A33CB1-1E9D-470B-B4E0-DC433C85F6B0}.Release|Mixed Platforms.Build.0 = Release|Win32
		{94A33CB1-1E9D-470B-B4E0-DC433C85F6B0}.Release|Win32.ActiveCfg = Release|Win32
		{94A33CB1-1E9D-470B-B4E0-DC433C85F6B0}.Release|Win32.Build.0 = Release|Win32
		{D6BC70C7-1A83-4046-8F36-2BD29F579486}.Debug|Any CPU.ActiveCfg = Debug|Win32
		{D6BC70C7-1A83-4046-8F36-2BD29F579486}.Debug|Mixed Platforms.ActiveCfg = Debug|Win32
		{D6BC70C7-1A83-4046-8F36-2BD29F579486}.Debug|Mixed Platforms.Build.0 = Debug|Win32
		{D6BC70C7-1A83-4046-8F36-2BD29F579486}.Debug|Win32.ActiveCfg = Debug|Win32
		{D6BC70C7-1A83-4046-8F36-2BD29F579486}.Debug|Win32.Build.0 = Debug|Win32
		{D6BC70C7-1A83-4046-8F36-2BD29F579486}.Release|Any CPU.ActiveCfg = Release|Win32
		{D6BC70C7-1A83-4046-8F36-2BD29F579486}.Release|Mixed Platforms.ActiveCfg = Release|Win32
		{D6BC70C7-1A83-4046-8F36-2BD29F579486}.Release|Mixed Platforms.Build.0 = Release|Win32
		{D6BC70C7-1A83-4046-8F36-2BD29F579486}.Release|Win32.ActiveCfg = Release|Win32
		{D6BC70C7-1A83-4046-8F36-2BD29F579486}.Release|Win32.Build.0 = Release|Win32
		{C1AA7498-EF6F-4DA6-812A-67079E1C26C9}.Debug|Any CPU.ActiveCfg = Debug|Win32
		{C1AA7498-EF6F-4DA6-812A-67079E1C26C9}.Debug|Mixed Platforms.ActiveCfg = Debug|Win32
		{C1AA7498-EF6F-4DA6-812A-67079E1C26C9}.Debug|Mixed Platforms.Build.0 = Debug|Win32
		{C1AA7498-EF6F-4DA6-812A-67079E1C26C9}.Debug|Win32.ActiveCfg = Debug|Win32
		{C1AA7498-EF6F-4DA6-812A-67079E1C26C9}.Debug|Win32.Build.0 = Debug|Win32
		{C1AA7498-EF6F-4DA6-812A-67079E1C26C9}.Release|Any CPU.ActiveCfg = Release|Win32
		{C1AA7498-EF6F-4DA6-812A-67079E1C26C9}.Release|Mixed Platforms.ActiveCfg = Release|Win32
		{C1AA7498-EF6F-4DA6-812A-67079E1C26C9}.Release|Mixed Platforms.Build.0 = Release|Win32
		{C1AA7498-EF6F-4DA6-812A-67079E1C26C9}.Release|Win32.ActiveCfg = Release|Win32
		{C1AA7498-EF6F-4DA6-812A-67079E1C26C9}.Release|Win32.Build.0 = Release|Win32
		{31070671-A77A-4258-ACC7-7AF601FB6982}.Debug|Any CPU.ActiveCfg = Debug|Win32
		{31070671-A77A-4258-ACC7-7AF601FB6982}.Debug|Mixed Platforms.ActiveCfg = Debug|Win32
		{31070671-A77A-4258-ACC7-7AF601FB6982}.Debug|Mixed Platforms.Build.0 = Debug|Win32
		{31070671-A77A-4258-ACC7-7AF601FB6982}.Debug|Win32.ActiveCfg = Debug|Win32
		{31070671-A77A-4258-ACC7-7AF601FB6982}.Debug|Win32.Build.0 = Debug|Win32
		{31070671-A77A-4258-ACC7-7AF601FB6982}.Release|Any CPU.ActiveCfg = Release|Win32
		{31070671-A77A-4258-ACC7-7AF601FB6982}.Release|Mixed Platforms.ActiveCfg = Release|Win32
		{31070671-A77A-4258-ACC7-7AF601FB6982}.Release|Mixed Platforms.Build.0 = Release|Win32
		{31070671-A77A-4258-ACC7-7AF601FB6982}.Release|Win32.ActiveCfg = Release|Win32
		{31070671-A77A-4258-ACC7-7AF601FB6982}.Release|Win32.Build.0 = Release|Win32
		{73F7BDD7-611A-4945-976A-EBB4B31C5495}.Debug|Any CPU.ActiveCfg = Debug|Win32
		{73F7BDD7-611A-4945-976A-EBB4B31C5495}.Debug|Mixed Platforms.ActiveCfg = Debug|Win32
		{73F7BDD7-611A-4945-976A-EBB4B31C5495}.Debug|Mixed Platforms.Build.0 = Debug|Win32
		{73F7BDD7-611A-4945-976A-EBB4B31C5495}.Debug|Win32.ActiveCfg = Debug|Win32
		{73F7BDD7-611A-4945-976A-EBB4B31C5495}.Debug|Win32.Build.0 = Debug|Win32
		{73F7BDD7-611A-4945-976A-EBB4B31C5495}.Release|Any CPU.ActiveCfg = Release|Win32
		{73F7BDD7-611A-4945-976A-EBB4B31C5495}.Release|Mixed Platforms.ActiveCfg = Release|Win32
		{73F7BDD7-611A-4945-976A-EBB4B31C5495}.Release|Mixed Platforms.Build.0 = Release|Win32
		{73F7BDD7-611A-4945-976A-EBB4B31C5495}.Release|Win32.ActiveCfg = Release|Win32
		{73F7BDD7-611A-4945-976A-EBB4B31C5495}.Release|Win32.Build.0 = Release|Win32
		{1A286195-4D8D-42EB-A84E-68E5D3CC0193}.Debug|Any CPU.ActiveCfg = Debug|Win32
		{1A286195-4D8D-42EB-A84E-68E5D3CC0193}.Debug|Mixed Platforms.ActiveCfg = Debug|Win32
		{1A286195-4D8D-42EB-A84E-68E5D3CC0193}.Debug|Win32.ActiveCfg = Debug|Win32
		{1A286195-4D8D-42EB-A84E-68E5D3CC0193}.Release|Any CPU.ActiveCfg = Release|Win32
		{1A286195-4D8D-42EB-A84E-68E5D3CC0193}.Release|Mixed Platforms.ActiveCfg = Release|Win32
		{1A286195-4D8D-42EB-A84E-68E5D3CC0193}.Release|Win32.ActiveCfg = Release|Win32
		{2A4FA9A7-3D73-4D3D-883C-B230AD430E92}.Debug|Any CPU.ActiveCfg = Debug|Win32
		{2A4FA9A7-3D73-4D3D-883C-B230AD430E92}.Debug|Mixed Platforms.ActiveCfg = Debug|Win32
		{2A4FA9A7-3D73-4D3D-883C-B230AD430E92}.Debug|Mixed Platforms.Build.0 = Debug|Win32
		{2A4FA9A7-3D73-4D3D-883C-B230AD430E92}.Debug|Win32.ActiveCfg = Debug|Win32
		{2A4FA9A7-3D73-4D3D-883C-B230AD430E92}.Debug|Win32.Build.0 = Debug|Win32
		{2A4FA9A7-3D73-4D3D-883C-B230AD430E92}.Release|Any CPU.ActiveCfg = Release|Win32
		{2A4FA9A7-3D73-4D3D-883C-B230AD430E92}.Release|Mixed Platforms.ActiveCfg = Release|Win32
		{2A4FA9A7-3D73-4D3D-883C-B230AD430E92}.Release|Mixed Platforms.Build.0 = Release|Win32
		{2A4FA9A7-3D73-4D3D-883C-B230AD430E92}.Release|Win32.ActiveCfg = Release|Win32
		{2A4FA9A7-3D73-4D3D-883C-B230AD430E92}.Release|Win32.Build.0 = Release|Win32
		{449AEF79-7C21-4689-B314-CBCC6D4E819B}.Debug|Any CPU.ActiveCfg = Debug|Win32
		{449AEF79-7C21-4689-B314-CBCC6D4E819B}.Debug|Mixed Platforms.ActiveCfg = Debug|Win32
		{449AEF79-7C21-4689-B314-CBCC6D4E819B}.Debug|Mixed Platforms.Build.0 = Debug|Win32
		{449AEF79-7C21-4689-B314-CBCC6D4E819B}.Debug|Win32.ActiveCfg = Debug|Win32
		{449AEF79-7C21-4689-B314-CBCC6D4E819B}.Debug|Win32.Build.0 = Debug|Win32
		{449AEF79-7C21-4689-B314-CBCC6D4E819B}.Release|Any CPU.ActiveCfg = Release|Win32
		{449AEF79-7C21-4689-B314-CBCC6D4E819B}.Release|Mixed Platforms.ActiveCfg = Release|Win32
		{449AEF79-7C21-4689-B314-CBCC6D4E819B}.Release|Mixed Platforms.Build.0 = Release|Win32
		{449AEF79-7C21-4689-B314-CBCC6D4E819B}.Release|Win32.ActiveCfg = Release|Win32
		{449AEF79-7C21-4689-B314-CBCC6D4E819B}.Release|Win32.Build.0 = Release|Win32
		{83FC05E9-68DC-498C-8D7C-D47997E825B4}.Debug|Any CPU.ActiveCfg = Debug|Win32
		{83FC05E9-68DC-498C-8D7C-D47997E825B4}.Debug|Mixed Platforms.ActiveCfg = Debug|Win32
		{83FC05E9-68DC-498C-8D7C-D47997E825B4}.Debug|Mixed Platforms.Build.0 = Debug|Win32
		{83FC05E9-68DC-498C-8D7C-D47997E825B4}.Debug|Win32.ActiveCfg = Debug|Win32
		{83FC05E9-68DC-498C-8D7C-D47997E825B4}.Debug|Win32.Build.0 = Debug|Win32
		{83FC05E9-68DC-498C-8D7C-D47997E825B4}.Release|Any CPU.ActiveCfg = Release|Win32
		{83FC05E9-68DC-498C-8D7C-D47997E825B4}.Release|Mixed Platforms.ActiveCfg = Release|Win32
		{83FC05E9-68DC-498C-8D7C-D47997E825B4}.Release|Mixed Platforms.Build.0 = Release|Win32
		{83FC05E9-68DC-498C-8D7C-D47997E825B4}.Release|Win32.ActiveCfg = Release|Win32
		{83FC05E9-68DC-498C-8D7C-D47997E825B4}.Release|Win32.Build.0 = Release|Win32
		{3BA696C7-1A98-40AC-B76A-1F319FD829A3}.Debug|Any CPU.ActiveCfg = Debug|Win32
		{3BA696C7-1A98-40AC-B76A-1F319FD829A3}.Debug|Mixed Platforms.ActiveCfg = Debug|Win32
		{3BA696C7-1A98-40AC-B76A-1F319FD829A3}.Debug|Mixed Platforms.Build.0 = Debug|Win32
		{3BA696C7-1A98-40AC-B76A-1F319FD829A3}.Debug|Win32.ActiveCfg = Debug|Win32
		{3BA696C7-1A98-40AC-B76A-1F319FD829A3}.Debug|Win32.Build.0 = Debug|Win32
		{3BA696C7-1A98-40AC-B76A-1F319FD829A3}.Release|Any CPU.ActiveCfg = Release|Win32
		{3BA696C7-1A98-40AC-B76A-1F319FD829A3}.Release|Mixed Platforms.ActiveCfg = Release|Win32
		{3BA696C7-1A98-40AC-B76A-1F319FD829A3}.Release|Mixed Platforms.Build.0 = Release|Win32
		{3BA696C7-1A98-40AC-B76A-1F319FD829A3}.Release|Win32.ActiveCfg = Release|Win32
		{3BA696C7-1A98-40AC-B76A-1F319FD829A3}.Release|Win32.Build.0 = Release|Win32
	EndGlobalSection
	GlobalSection(SolutionProperties) = preSolution
		HideSolutionNode = FALSE
	EndGlobalSection
	GlobalSection(NestedProjects) = preSolution
		{94A33CB1-1E9D-470B-B4E0-DC433C85F6B0} = {93AB72CD-C2AC-4BAB-BA87-DCCE20E9DED6}
		{D6BC70C7-1A83-4046-8F36-2BD29F579486} = {93AB72CD-C2AC-4BAB-BA87-DCCE20E9DED6}
		{C1AA7498-EF6F-4DA6-812A-67079E1C26C9} = {93AB72CD-C2AC-4BAB-BA87-DCCE20E9DED6}
		{31070671-A77A-4258-ACC7-7AF601FB6982} = {93AB72CD-C2AC-4BAB-BA87-DCCE20E9DED6}
		{73F7BDD7-611A-4945-976A-EBB4B31C5495} = {93AB72CD-C2AC-4BAB-BA87-DCCE20E9DED6}
		{1A286195-4D8D-42EB-A84E-68E5D3CC0193} = {93AB72CD-C2AC-4BAB-BA87-DCCE20E9DED6}
		{1C2F58EF-63FC-4A85-A67F-5B5BC9721BDF} = {F28B5041-2437-45B6-ADBC-4A5180AD54E9}
		{9DFF3F83-5D4D-4E00-B425-EBFABAC7B99B} = {F28B5041-2437-45B6-ADBC-4A5180AD54E9}
		{CB27385B-5D9A-432B-A142-A43374506466} = {F28B5041-2437-45B6-ADBC-4A5180AD54E9}
		{2A4FA9A7-3D73-4D3D-883C-B230AD430E92} = {13232E58-EDA0-45B4-ADF0-FC3FAC2FB96B}
		{449AEF79-7C21-4689-B314-CBCC6D4E819B} = {13232E58-EDA0-45B4-ADF0-FC3FAC2FB96B}
		{83FC05E9-68DC-498C-8D7C-D47997E825B4} = {13232E58-EDA0-45B4-ADF0-FC3FAC2FB96B}
		{3BA696C7-1A98-40AC-B76A-1F319FD829A3} = {13232E58-EDA0-45B4-ADF0-FC3FAC2FB96B}
	EndGlobalSection
EndGlobal
