
Microsoft Visual Studio Solution File, Format Version 10.00
# Visual Studio 2008
Project("{2150E333-8FDC-42A3-9474-1A3956D46DE8}") = "unit_test", "unit_test", "{EFDABFE6-0939-41E2-839D-697A285304B8}"
EndProject
Project("{2150E333-8FDC-42A3-9474-1A3956D46DE8}") = "nclient", "nclient", "{93AB72CD-C2AC-4BAB-BA87-DCCE20E9DED6}"
EndProject
Project("{8BC9CEB8-8B4A-11D0-8D11-00A0C91BC942}") = "ncore", "ncore\ncore.vcproj", "{D6BC70C7-1A83-4046-8F36-2BD29F579486}"
EndProject
Project("{8BC9CEB8-8B4A-11D0-8D11-00A0C91BC942}") = "nengine", "nclient\nengine\nengine.vcproj", "{C1AA7498-EF6F-4DA6-812A-67079E1C26C9}"
	ProjectSection(ProjectDependencies) = postProject
		{94A33CB1-1E9D-470B-B4E0-DC433C85F6B0} = {94A33CB1-1E9D-470B-B4E0-DC433C85F6B0}
		{D6BC70C7-1A83-4046-8F36-2BD29F579486} = {D6BC70C7-1A83-4046-8F36-2BD29F579486}
	EndProjectSection
EndProject
Project("{8BC9CEB8-8B4A-11D0-8D11-00A0C91BC942}") = "nrender_d3d9", "nclient\nrender_d3d9\nrender_d3d9.vcproj", "{31070671-A77A-4258-ACC7-7AF601FB6982}"
	ProjectSection(ProjectDependencies) = postProject
		{C1AA7498-EF6F-4DA6-812A-67079E1C26C9} = {C1AA7498-EF6F-4DA6-812A-67079E1C26C9}
		{D6BC70C7-1A83-4046-8F36-2BD29F579486} = {D6BC70C7-1A83-4046-8F36-2BD29F579486}
	EndProjectSection
EndProject
Project("{8BC9CEB8-8B4A-11D0-8D11-00A0C91BC942}") = "nresource_importer", "nclient\nresource_importer\nresource_importer.vcproj", "{73F7BDD7-611A-4945-976A-EBB4B31C5495}"
	ProjectSection(ProjectDependencies) = postProject
		{C1AA7498-EF6F-4DA6-812A-67079E1C26C9} = {C1AA7498-EF6F-4DA6-812A-67079E1C26C9}
		{D6BC70C7-1A83-4046-8F36-2BD29F579486} = {D6BC70C7-1A83-4046-8F36-2BD29F579486}
	EndProjectSection
EndProject
Project("{8BC9CEB8-8B4A-11D0-8D11-00A0C91BC942}") = "nshaders", "nclient\nshaders\nshaders.vcproj", "{1A286195-4D8D-42EB-A84E-68E5D3CC0193}"
EndProject
Project("{8BC9CEB8-8B4A-11D0-8D11-00A0C91BC942}") = "test_core", "unit_test\test_core\test_core.vcproj", "{2A4FA9A7-3D73-4D3D-883C-B230AD430E92}"
	ProjectSection(ProjectDependencies) = postProject
		{D6BC70C7-1A83-4046-8F36-2BD29F579486} = {D6BC70C7-1A83-4046-8F36-2BD29F579486}
	EndProjectSection
EndProject
Project("{8BC9CEB8-8B4A-11D0-8D11-00A0C91BC942}") = "test_engine_con", "unit_test\test_engine_con\test_engine_con.vcproj", "{449AEF79-7C21-4689-B314-CBCC6D4E819B}"
	ProjectSection(ProjectDependencies) = postProject
		{C1AA7498-EF6F-4DA6-812A-67079E1C26C9} = {C1AA7498-EF6F-4DA6-812A-67079E1C26C9}
		{D6BC70C7-1A83-4046-8F36-2BD29F579486} = {D6BC70C7-1A83-4046-8F36-2BD29F579486}
	EndProjectSection
EndProject
Project("{8BC9CEB8-8B4A-11D0-8D11-00A0C91BC942}") = "nnetwork", "nnetwork\nnetwork.vcproj", "{5AF4ECA2-48D3-4AC5-9C6F-0A2F748B80C5}"
	ProjectSection(ProjectDependencies) = postProject
		{D6BC70C7-1A83-4046-8F36-2BD29F579486} = {D6BC70C7-1A83-4046-8F36-2BD29F579486}
	EndProjectSection
EndProject
Project("{8BC9CEB8-8B4A-11D0-8D11-00A0C91BC942}") = "sample_client", "unit_test\sample_client\sample_client.vcproj", "{4F411174-3979-4124-AA78-CED77BFBFE5C}"
	ProjectSection(ProjectDependencies) = postProject
		{5AF4ECA2-48D3-4AC5-9C6F-0A2F748B80C5} = {5AF4ECA2-48D3-4AC5-9C6F-0A2F748B80C5}
		{D6BC70C7-1A83-4046-8F36-2BD29F579486} = {D6BC70C7-1A83-4046-8F36-2BD29F579486}
	EndProjectSection
EndProject
Project("{8BC9CEB8-8B4A-11D0-8D11-00A0C91BC942}") = "sample_svr", "unit_test\sample_svr\sample_svr.vcproj", "{971D9651-29B9-4F99-AA3E-05D119CAD4E2}"
	ProjectSection(ProjectDependencies) = postProject
		{5AF4ECA2-48D3-4AC5-9C6F-0A2F748B80C5} = {5AF4ECA2-48D3-4AC5-9C6F-0A2F748B80C5}
		{D6BC70C7-1A83-4046-8F36-2BD29F579486} = {D6BC70C7-1A83-4046-8F36-2BD29F579486}
	EndProjectSection
EndProject
Project("{8BC9CEB8-8B4A-11D0-8D11-00A0C91BC942}") = "py_ngame_client", "nclient\py_ngame_client\py_ngame_client.vcproj", "{A7502753-2088-40ED-9002-7736CFED70AF}"
	ProjectSection(ProjectDependencies) = postProject
		{C1AA7498-EF6F-4DA6-812A-67079E1C26C9} = {C1AA7498-EF6F-4DA6-812A-67079E1C26C9}
		{D6BC70C7-1A83-4046-8F36-2BD29F579486} = {D6BC70C7-1A83-4046-8F36-2BD29F579486}
	EndProjectSection
EndProject
Project("{8BC9CEB8-8B4A-11D0-8D11-00A0C91BC942}") = "win32_test", "unit_test\win32_test\win32_test.vcproj", "{83FC05E9-68DC-498C-8D7C-D47997E825B4}"
	ProjectSection(ProjectDependencies) = postProject
		{A7502753-2088-40ED-9002-7736CFED70AF} = {A7502753-2088-40ED-9002-7736CFED70AF}
		{C1AA7498-EF6F-4DA6-812A-67079E1C26C9} = {C1AA7498-EF6F-4DA6-812A-67079E1C26C9}
		{D6BC70C7-1A83-4046-8F36-2BD29F579486} = {D6BC70C7-1A83-4046-8F36-2BD29F579486}
	EndProjectSection
EndProject
Project("{8BC9CEB8-8B4A-11D0-8D11-00A0C91BC942}") = "ConvexDecomposition", "nclient\ConvexDecomposition\ConvexDecomposition.vcproj", "{94A33CB1-1E9D-470B-B4E0-DC433C85F6B0}"
EndProject
Project("{8BC9CEB8-8B4A-11D0-8D11-00A0C91BC942}") = "nfile_sys", "nfile_sys\nfile_sys.vcproj", "{8EE2155A-8747-44F9-AF09-5A33C5ECB7B1}"
EndProject
Global
	GlobalSection(SolutionConfigurationPlatforms) = preSolution
		Debug|Win32 = Debug|Win32
		Release|Win32 = Release|Win32
	EndGlobalSection
	GlobalSection(ProjectConfigurationPlatforms) = postSolution
		{D6BC70C7-1A83-4046-8F36-2BD29F579486}.Debug|Win32.ActiveCfg = Debug|Win32
		{D6BC70C7-1A83-4046-8F36-2BD29F579486}.Debug|Win32.Build.0 = Debug|Win32
		{D6BC70C7-1A83-4046-8F36-2BD29F579486}.Release|Win32.ActiveCfg = Release|Win32
		{D6BC70C7-1A83-4046-8F36-2BD29F579486}.Release|Win32.Build.0 = Release|Win32
		{C1AA7498-EF6F-4DA6-812A-67079E1C26C9}.Debug|Win32.ActiveCfg = Debug|Win32
		{C1AA7498-EF6F-4DA6-812A-67079E1C26C9}.Debug|Win32.Build.0 = Debug|Win32
		{C1AA7498-EF6F-4DA6-812A-67079E1C26C9}.Release|Win32.ActiveCfg = Release|Win32
		{C1AA7498-EF6F-4DA6-812A-67079E1C26C9}.Release|Win32.Build.0 = Release|Win32
		{31070671-A77A-4258-ACC7-7AF601FB6982}.Debug|Win32.ActiveCfg = Debug|Win32
		{31070671-A77A-4258-ACC7-7AF601FB6982}.Debug|Win32.Build.0 = Debug|Win32
		{31070671-A77A-4258-ACC7-7AF601FB6982}.Release|Win32.ActiveCfg = Release|Win32
		{31070671-A77A-4258-ACC7-7AF601FB6982}.Release|Win32.Build.0 = Release|Win32
		{73F7BDD7-611A-4945-976A-EBB4B31C5495}.Debug|Win32.ActiveCfg = Debug|Win32
		{73F7BDD7-611A-4945-976A-EBB4B31C5495}.Debug|Win32.Build.0 = Debug|Win32
		{73F7BDD7-611A-4945-976A-EBB4B31C5495}.Release|Win32.ActiveCfg = Release|Win32
		{73F7BDD7-611A-4945-976A-EBB4B31C5495}.Release|Win32.Build.0 = Release|Win32
		{1A286195-4D8D-42EB-A84E-68E5D3CC0193}.Debug|Win32.ActiveCfg = Debug|Win32
		{1A286195-4D8D-42EB-A84E-68E5D3CC0193}.Release|Win32.ActiveCfg = Release|Win32
		{2A4FA9A7-3D73-4D3D-883C-B230AD430E92}.Debug|Win32.ActiveCfg = Debug|Win32
		{2A4FA9A7-3D73-4D3D-883C-B230AD430E92}.Debug|Win32.Build.0 = Debug|Win32
		{2A4FA9A7-3D73-4D3D-883C-B230AD430E92}.Release|Win32.ActiveCfg = Release|Win32
		{2A4FA9A7-3D73-4D3D-883C-B230AD430E92}.Release|Win32.Build.0 = Release|Win32
		{449AEF79-7C21-4689-B314-CBCC6D4E819B}.Debug|Win32.ActiveCfg = Debug|Win32
		{449AEF79-7C21-4689-B314-CBCC6D4E819B}.Debug|Win32.Build.0 = Debug|Win32
		{449AEF79-7C21-4689-B314-CBCC6D4E819B}.Release|Win32.ActiveCfg = Release|Win32
		{449AEF79-7C21-4689-B314-CBCC6D4E819B}.Release|Win32.Build.0 = Release|Win32
		{5AF4ECA2-48D3-4AC5-9C6F-0A2F748B80C5}.Debug|Win32.ActiveCfg = Debug|Win32
		{5AF4ECA2-48D3-4AC5-9C6F-0A2F748B80C5}.Debug|Win32.Build.0 = Debug|Win32
		{5AF4ECA2-48D3-4AC5-9C6F-0A2F748B80C5}.Release|Win32.ActiveCfg = Release|Win32
		{5AF4ECA2-48D3-4AC5-9C6F-0A2F748B80C5}.Release|Win32.Build.0 = Release|Win32
		{4F411174-3979-4124-AA78-CED77BFBFE5C}.Debug|Win32.ActiveCfg = Debug|Win32
		{4F411174-3979-4124-AA78-CED77BFBFE5C}.Debug|Win32.Build.0 = Debug|Win32
		{4F411174-3979-4124-AA78-CED77BFBFE5C}.Release|Win32.ActiveCfg = Release|Win32
		{4F411174-3979-4124-AA78-CED77BFBFE5C}.Release|Win32.Build.0 = Release|Win32
		{971D9651-29B9-4F99-AA3E-05D119CAD4E2}.Debug|Win32.ActiveCfg = Debug|Win32
		{971D9651-29B9-4F99-AA3E-05D119CAD4E2}.Debug|Win32.Build.0 = Debug|Win32
		{971D9651-29B9-4F99-AA3E-05D119CAD4E2}.Release|Win32.ActiveCfg = Release|Win32
		{971D9651-29B9-4F99-AA3E-05D119CAD4E2}.Release|Win32.Build.0 = Release|Win32
		{A7502753-2088-40ED-9002-7736CFED70AF}.Debug|Win32.ActiveCfg = Debug|Win32
		{A7502753-2088-40ED-9002-7736CFED70AF}.Debug|Win32.Build.0 = Debug|Win32
		{A7502753-2088-40ED-9002-7736CFED70AF}.Release|Win32.ActiveCfg = Release|Win32
		{A7502753-2088-40ED-9002-7736CFED70AF}.Release|Win32.Build.0 = Release|Win32
		{83FC05E9-68DC-498C-8D7C-D47997E825B4}.Debug|Win32.ActiveCfg = Debug|Win32
		{83FC05E9-68DC-498C-8D7C-D47997E825B4}.Debug|Win32.Build.0 = Debug|Win32
		{83FC05E9-68DC-498C-8D7C-D47997E825B4}.Release|Win32.ActiveCfg = Release|Win32
		{83FC05E9-68DC-498C-8D7C-D47997E825B4}.Release|Win32.Build.0 = Release|Win32
		{94A33CB1-1E9D-470B-B4E0-DC433C85F6B0}.Debug|Win32.ActiveCfg = Debug|Win32
		{94A33CB1-1E9D-470B-B4E0-DC433C85F6B0}.Debug|Win32.Build.0 = Debug|Win32
		{94A33CB1-1E9D-470B-B4E0-DC433C85F6B0}.Release|Win32.ActiveCfg = Release|Win32
		{94A33CB1-1E9D-470B-B4E0-DC433C85F6B0}.Release|Win32.Build.0 = Release|Win32
		{8EE2155A-8747-44F9-AF09-5A33C5ECB7B1}.Debug|Win32.ActiveCfg = Debug|Win32
		{8EE2155A-8747-44F9-AF09-5A33C5ECB7B1}.Debug|Win32.Build.0 = Debug|Win32
		{8EE2155A-8747-44F9-AF09-5A33C5ECB7B1}.Release|Win32.ActiveCfg = Release|Win32
		{8EE2155A-8747-44F9-AF09-5A33C5ECB7B1}.Release|Win32.Build.0 = Release|Win32
	EndGlobalSection
	GlobalSection(SolutionProperties) = preSolution
		HideSolutionNode = FALSE
	EndGlobalSection
	GlobalSection(NestedProjects) = preSolution
		{2A4FA9A7-3D73-4D3D-883C-B230AD430E92} = {EFDABFE6-0939-41E2-839D-697A285304B8}
		{449AEF79-7C21-4689-B314-CBCC6D4E819B} = {EFDABFE6-0939-41E2-839D-697A285304B8}
		{4F411174-3979-4124-AA78-CED77BFBFE5C} = {EFDABFE6-0939-41E2-839D-697A285304B8}
		{971D9651-29B9-4F99-AA3E-05D119CAD4E2} = {EFDABFE6-0939-41E2-839D-697A285304B8}
		{83FC05E9-68DC-498C-8D7C-D47997E825B4} = {EFDABFE6-0939-41E2-839D-697A285304B8}
		{C1AA7498-EF6F-4DA6-812A-67079E1C26C9} = {93AB72CD-C2AC-4BAB-BA87-DCCE20E9DED6}
		{31070671-A77A-4258-ACC7-7AF601FB6982} = {93AB72CD-C2AC-4BAB-BA87-DCCE20E9DED6}
		{73F7BDD7-611A-4945-976A-EBB4B31C5495} = {93AB72CD-C2AC-4BAB-BA87-DCCE20E9DED6}
		{1A286195-4D8D-42EB-A84E-68E5D3CC0193} = {93AB72CD-C2AC-4BAB-BA87-DCCE20E9DED6}
		{A7502753-2088-40ED-9002-7736CFED70AF} = {93AB72CD-C2AC-4BAB-BA87-DCCE20E9DED6}
		{94A33CB1-1E9D-470B-B4E0-DC433C85F6B0} = {93AB72CD-C2AC-4BAB-BA87-DCCE20E9DED6}
	EndGlobalSection
EndGlobal
