
Microsoft Visual Studio Solution File, Format Version 10.00
# Visual Studio 2008
Project("{2150E333-8FDC-42A3-9474-1A3956D46DE8}") = "NativeEngine", "NativeEngine", "{93AB72CD-C2AC-4BAB-BA87-DCCE20E9DED6}"
EndProject
Project("{2150E333-8FDC-42A3-9474-1A3956D46DE8}") = "App", "App", "{F28B5041-2437-45B6-ADBC-4A5180AD54E9}"
EndProject
Project("{8BC9CEB8-8B4A-11D0-8D11-00A0C91BC942}") = "ncore", "..\NexusNative\ncore\ncore.vcproj", "{D6BC70C7-1A83-4046-8F36-2BD29F579486}"
EndProject
Project("{8BC9CEB8-8B4A-11D0-8D11-00A0C91BC942}") = "nshared", "nexus_shared\nshared.vcproj", "{785E6C08-2955-4C0D-9F14-1F3E1CBC40EB}"
	ProjectSection(ProjectDependencies) = postProject
		{5AF4ECA2-48D3-4AC5-9C6F-0A2F748B80C5} = {5AF4ECA2-48D3-4AC5-9C6F-0A2F748B80C5}
	EndProjectSection
EndProject
Project("{2150E333-8FDC-42A3-9474-1A3956D46DE8}") = "Define", "Define", "{E3766EE3-8EC3-4D91-8BD8-787E9B65EEC8}"
EndProject
Project("{8BC9CEB8-8B4A-11D0-8D11-00A0C91BC942}") = "ndef_game", "nexus_shared\ndef_game.vcproj", "{6623EDF9-FAAA-44E9-A984-C96181192EDD}"
EndProject
Project("{8BC9CEB8-8B4A-11D0-8D11-00A0C91BC942}") = "nnetwork", "..\NexusNative\nnetwork\nnetwork.vcproj", "{5AF4ECA2-48D3-4AC5-9C6F-0A2F748B80C5}"
EndProject
Project("{8BC9CEB8-8B4A-11D0-8D11-00A0C91BC942}") = "ndummy_client", "ndummy_client\ndummy_client.vcproj", "{03F6D12B-367B-41AF-9CC4-30CD80AEF40A}"
	ProjectSection(ProjectDependencies) = postProject
		{785E6C08-2955-4C0D-9F14-1F3E1CBC40EB} = {785E6C08-2955-4C0D-9F14-1F3E1CBC40EB}
		{53AB735E-3576-478F-9494-E74A0B0EEAD5} = {53AB735E-3576-478F-9494-E74A0B0EEAD5}
		{6623EDF9-FAAA-44E9-A984-C96181192EDD} = {6623EDF9-FAAA-44E9-A984-C96181192EDD}
	EndProjectSection
EndProject
Project("{8BC9CEB8-8B4A-11D0-8D11-00A0C91BC942}") = "ngameframework", "ngameframework\ngameframework.vcproj", "{53AB735E-3576-478F-9494-E74A0B0EEAD5}"
	ProjectSection(ProjectDependencies) = postProject
		{D6BC70C7-1A83-4046-8F36-2BD29F579486} = {D6BC70C7-1A83-4046-8F36-2BD29F579486}
	EndProjectSection
EndProject
Global
	GlobalSection(SolutionConfigurationPlatforms) = preSolution
		Debug_Dll|Win32 = Debug_Dll|Win32
		Debug_Dll|x64 = Debug_Dll|x64
		Debug|Win32 = Debug|Win32
		Debug|x64 = Debug|x64
		Release_Dll|Win32 = Release_Dll|Win32
		Release_Dll|x64 = Release_Dll|x64
		Release|Win32 = Release|Win32
		Release|x64 = Release|x64
	EndGlobalSection
	GlobalSection(ProjectConfigurationPlatforms) = postSolution
		{D6BC70C7-1A83-4046-8F36-2BD29F579486}.Debug_Dll|Win32.ActiveCfg = Debug|Win32
		{D6BC70C7-1A83-4046-8F36-2BD29F579486}.Debug_Dll|Win32.Build.0 = Debug|Win32
		{D6BC70C7-1A83-4046-8F36-2BD29F579486}.Debug_Dll|x64.ActiveCfg = Debug|x64
		{D6BC70C7-1A83-4046-8F36-2BD29F579486}.Debug_Dll|x64.Build.0 = Debug|x64
		{D6BC70C7-1A83-4046-8F36-2BD29F579486}.Debug|Win32.ActiveCfg = Debug|Win32
		{D6BC70C7-1A83-4046-8F36-2BD29F579486}.Debug|Win32.Build.0 = Debug|Win32
		{D6BC70C7-1A83-4046-8F36-2BD29F579486}.Debug|x64.ActiveCfg = Debug|x64
		{D6BC70C7-1A83-4046-8F36-2BD29F579486}.Debug|x64.Build.0 = Debug|x64
		{D6BC70C7-1A83-4046-8F36-2BD29F579486}.Release_Dll|Win32.ActiveCfg = Release|Win32
		{D6BC70C7-1A83-4046-8F36-2BD29F579486}.Release_Dll|Win32.Build.0 = Release|Win32
		{D6BC70C7-1A83-4046-8F36-2BD29F579486}.Release_Dll|x64.ActiveCfg = Release|x64
		{D6BC70C7-1A83-4046-8F36-2BD29F579486}.Release_Dll|x64.Build.0 = Release|x64
		{D6BC70C7-1A83-4046-8F36-2BD29F579486}.Release|Win32.ActiveCfg = Release|Win32
		{D6BC70C7-1A83-4046-8F36-2BD29F579486}.Release|Win32.Build.0 = Release|Win32
		{D6BC70C7-1A83-4046-8F36-2BD29F579486}.Release|x64.ActiveCfg = Release|x64
		{D6BC70C7-1A83-4046-8F36-2BD29F579486}.Release|x64.Build.0 = Release|x64
		{785E6C08-2955-4C0D-9F14-1F3E1CBC40EB}.Debug_Dll|Win32.ActiveCfg = Debug|Win32
		{785E6C08-2955-4C0D-9F14-1F3E1CBC40EB}.Debug_Dll|Win32.Build.0 = Debug|Win32
		{785E6C08-2955-4C0D-9F14-1F3E1CBC40EB}.Debug_Dll|x64.ActiveCfg = Debug|x64
		{785E6C08-2955-4C0D-9F14-1F3E1CBC40EB}.Debug_Dll|x64.Build.0 = Debug|x64
		{785E6C08-2955-4C0D-9F14-1F3E1CBC40EB}.Debug|Win32.ActiveCfg = Debug|Win32
		{785E6C08-2955-4C0D-9F14-1F3E1CBC40EB}.Debug|Win32.Build.0 = Debug|Win32
		{785E6C08-2955-4C0D-9F14-1F3E1CBC40EB}.Debug|x64.ActiveCfg = Debug|x64
		{785E6C08-2955-4C0D-9F14-1F3E1CBC40EB}.Debug|x64.Build.0 = Debug|x64
		{785E6C08-2955-4C0D-9F14-1F3E1CBC40EB}.Release_Dll|Win32.ActiveCfg = Release|Win32
		{785E6C08-2955-4C0D-9F14-1F3E1CBC40EB}.Release_Dll|Win32.Build.0 = Release|Win32
		{785E6C08-2955-4C0D-9F14-1F3E1CBC40EB}.Release_Dll|x64.ActiveCfg = Release|x64
		{785E6C08-2955-4C0D-9F14-1F3E1CBC40EB}.Release_Dll|x64.Build.0 = Release|x64
		{785E6C08-2955-4C0D-9F14-1F3E1CBC40EB}.Release|Win32.ActiveCfg = Release|Win32
		{785E6C08-2955-4C0D-9F14-1F3E1CBC40EB}.Release|Win32.Build.0 = Release|Win32
		{785E6C08-2955-4C0D-9F14-1F3E1CBC40EB}.Release|x64.ActiveCfg = Release|x64
		{785E6C08-2955-4C0D-9F14-1F3E1CBC40EB}.Release|x64.Build.0 = Release|x64
		{6623EDF9-FAAA-44E9-A984-C96181192EDD}.Debug_Dll|Win32.ActiveCfg = Debug|Win32
		{6623EDF9-FAAA-44E9-A984-C96181192EDD}.Debug_Dll|Win32.Build.0 = Debug|Win32
		{6623EDF9-FAAA-44E9-A984-C96181192EDD}.Debug_Dll|x64.ActiveCfg = Debug|x64
		{6623EDF9-FAAA-44E9-A984-C96181192EDD}.Debug_Dll|x64.Build.0 = Debug|x64
		{6623EDF9-FAAA-44E9-A984-C96181192EDD}.Debug|Win32.ActiveCfg = Debug|Win32
		{6623EDF9-FAAA-44E9-A984-C96181192EDD}.Debug|Win32.Build.0 = Debug|Win32
		{6623EDF9-FAAA-44E9-A984-C96181192EDD}.Debug|x64.ActiveCfg = Debug|x64
		{6623EDF9-FAAA-44E9-A984-C96181192EDD}.Debug|x64.Build.0 = Debug|x64
		{6623EDF9-FAAA-44E9-A984-C96181192EDD}.Release_Dll|Win32.ActiveCfg = Release|Win32
		{6623EDF9-FAAA-44E9-A984-C96181192EDD}.Release_Dll|Win32.Build.0 = Release|Win32
		{6623EDF9-FAAA-44E9-A984-C96181192EDD}.Release_Dll|x64.ActiveCfg = Release|x64
		{6623EDF9-FAAA-44E9-A984-C96181192EDD}.Release_Dll|x64.Build.0 = Release|x64
		{6623EDF9-FAAA-44E9-A984-C96181192EDD}.Release|Win32.ActiveCfg = Release|Win32
		{6623EDF9-FAAA-44E9-A984-C96181192EDD}.Release|Win32.Build.0 = Release|Win32
		{6623EDF9-FAAA-44E9-A984-C96181192EDD}.Release|x64.ActiveCfg = Release|x64
		{6623EDF9-FAAA-44E9-A984-C96181192EDD}.Release|x64.Build.0 = Release|x64
		{5AF4ECA2-48D3-4AC5-9C6F-0A2F748B80C5}.Debug_Dll|Win32.ActiveCfg = Debug_Dll|Win32
		{5AF4ECA2-48D3-4AC5-9C6F-0A2F748B80C5}.Debug_Dll|Win32.Build.0 = Debug_Dll|Win32
		{5AF4ECA2-48D3-4AC5-9C6F-0A2F748B80C5}.Debug_Dll|x64.ActiveCfg = Debug_Dll|x64
		{5AF4ECA2-48D3-4AC5-9C6F-0A2F748B80C5}.Debug_Dll|x64.Build.0 = Debug_Dll|x64
		{5AF4ECA2-48D3-4AC5-9C6F-0A2F748B80C5}.Debug|Win32.ActiveCfg = Debug|Win32
		{5AF4ECA2-48D3-4AC5-9C6F-0A2F748B80C5}.Debug|Win32.Build.0 = Debug|Win32
		{5AF4ECA2-48D3-4AC5-9C6F-0A2F748B80C5}.Debug|x64.ActiveCfg = Debug|x64
		{5AF4ECA2-48D3-4AC5-9C6F-0A2F748B80C5}.Debug|x64.Build.0 = Debug|x64
		{5AF4ECA2-48D3-4AC5-9C6F-0A2F748B80C5}.Release_Dll|Win32.ActiveCfg = Release_Dll|Win32
		{5AF4ECA2-48D3-4AC5-9C6F-0A2F748B80C5}.Release_Dll|Win32.Build.0 = Release_Dll|Win32
		{5AF4ECA2-48D3-4AC5-9C6F-0A2F748B80C5}.Release_Dll|x64.ActiveCfg = Release_Dll|x64
		{5AF4ECA2-48D3-4AC5-9C6F-0A2F748B80C5}.Release_Dll|x64.Build.0 = Release_Dll|x64
		{5AF4ECA2-48D3-4AC5-9C6F-0A2F748B80C5}.Release|Win32.ActiveCfg = Release|Win32
		{5AF4ECA2-48D3-4AC5-9C6F-0A2F748B80C5}.Release|Win32.Build.0 = Release|Win32
		{5AF4ECA2-48D3-4AC5-9C6F-0A2F748B80C5}.Release|x64.ActiveCfg = Release|x64
		{5AF4ECA2-48D3-4AC5-9C6F-0A2F748B80C5}.Release|x64.Build.0 = Release|x64
		{03F6D12B-367B-41AF-9CC4-30CD80AEF40A}.Debug_Dll|Win32.ActiveCfg = Debug|Win32
		{03F6D12B-367B-41AF-9CC4-30CD80AEF40A}.Debug_Dll|Win32.Build.0 = Debug|Win32
		{03F6D12B-367B-41AF-9CC4-30CD80AEF40A}.Debug_Dll|x64.ActiveCfg = Debug|Win32
		{03F6D12B-367B-41AF-9CC4-30CD80AEF40A}.Debug|Win32.ActiveCfg = Debug|Win32
		{03F6D12B-367B-41AF-9CC4-30CD80AEF40A}.Debug|Win32.Build.0 = Debug|Win32
		{03F6D12B-367B-41AF-9CC4-30CD80AEF40A}.Debug|x64.ActiveCfg = Debug|Win32
		{03F6D12B-367B-41AF-9CC4-30CD80AEF40A}.Release_Dll|Win32.ActiveCfg = Release|Win32
		{03F6D12B-367B-41AF-9CC4-30CD80AEF40A}.Release_Dll|Win32.Build.0 = Release|Win32
		{03F6D12B-367B-41AF-9CC4-30CD80AEF40A}.Release_Dll|x64.ActiveCfg = Release|Win32
		{03F6D12B-367B-41AF-9CC4-30CD80AEF40A}.Release|Win32.ActiveCfg = Release|Win32
		{03F6D12B-367B-41AF-9CC4-30CD80AEF40A}.Release|Win32.Build.0 = Release|Win32
		{03F6D12B-367B-41AF-9CC4-30CD80AEF40A}.Release|x64.ActiveCfg = Release|Win32
		{53AB735E-3576-478F-9494-E74A0B0EEAD5}.Debug_Dll|Win32.ActiveCfg = Debug|x64
		{53AB735E-3576-478F-9494-E74A0B0EEAD5}.Debug_Dll|x64.ActiveCfg = Debug|x64
		{53AB735E-3576-478F-9494-E74A0B0EEAD5}.Debug_Dll|x64.Build.0 = Debug|x64
		{53AB735E-3576-478F-9494-E74A0B0EEAD5}.Debug|Win32.ActiveCfg = Debug|Win32
		{53AB735E-3576-478F-9494-E74A0B0EEAD5}.Debug|Win32.Build.0 = Debug|Win32
		{53AB735E-3576-478F-9494-E74A0B0EEAD5}.Debug|x64.ActiveCfg = Debug|x64
		{53AB735E-3576-478F-9494-E74A0B0EEAD5}.Debug|x64.Build.0 = Debug|x64
		{53AB735E-3576-478F-9494-E74A0B0EEAD5}.Release_Dll|Win32.ActiveCfg = Release|x64
		{53AB735E-3576-478F-9494-E74A0B0EEAD5}.Release_Dll|x64.ActiveCfg = Release|x64
		{53AB735E-3576-478F-9494-E74A0B0EEAD5}.Release_Dll|x64.Build.0 = Release|x64
		{53AB735E-3576-478F-9494-E74A0B0EEAD5}.Release|Win32.ActiveCfg = Release|Win32
		{53AB735E-3576-478F-9494-E74A0B0EEAD5}.Release|Win32.Build.0 = Release|Win32
		{53AB735E-3576-478F-9494-E74A0B0EEAD5}.Release|x64.ActiveCfg = Release|x64
		{53AB735E-3576-478F-9494-E74A0B0EEAD5}.Release|x64.Build.0 = Release|x64
	EndGlobalSection
	GlobalSection(SolutionProperties) = preSolution
		HideSolutionNode = FALSE
	EndGlobalSection
	GlobalSection(NestedProjects) = preSolution
		{D6BC70C7-1A83-4046-8F36-2BD29F579486} = {93AB72CD-C2AC-4BAB-BA87-DCCE20E9DED6}
		{5AF4ECA2-48D3-4AC5-9C6F-0A2F748B80C5} = {93AB72CD-C2AC-4BAB-BA87-DCCE20E9DED6}
		{785E6C08-2955-4C0D-9F14-1F3E1CBC40EB} = {F28B5041-2437-45B6-ADBC-4A5180AD54E9}
		{03F6D12B-367B-41AF-9CC4-30CD80AEF40A} = {F28B5041-2437-45B6-ADBC-4A5180AD54E9}
		{53AB735E-3576-478F-9494-E74A0B0EEAD5} = {F28B5041-2437-45B6-ADBC-4A5180AD54E9}
		{6623EDF9-FAAA-44E9-A984-C96181192EDD} = {E3766EE3-8EC3-4D91-8BD8-787E9B65EEC8}
	EndGlobalSection
EndGlobal
