
Microsoft Visual Studio Solution File, Format Version 10.00
# Visual Studio 2008
Project("{2150E333-8FDC-42A3-9474-1A3956D46DE8}") = "NativeEngine", "NativeEngine", "{93AB72CD-C2AC-4BAB-BA87-DCCE20E9DED6}"
EndProject
Project("{2150E333-8FDC-42A3-9474-1A3956D46DE8}") = "App", "App", "{F28B5041-2437-45B6-ADBC-4A5180AD54E9}"
EndProject
Project("{2150E333-8FDC-42A3-9474-1A3956D46DE8}") = "UnitTest", "UnitTest", "{13232E58-EDA0-45B4-ADF0-FC3FAC2FB96B}"
EndProject
Project("{8BC9CEB8-8B4A-11D0-8D11-00A0C91BC942}") = "ncore", "..\NexusNative\ncore\ncore.vcproj", "{D6BC70C7-1A83-4046-8F36-2BD29F579486}"
EndProject
Project("{8BC9CEB8-8B4A-11D0-8D11-00A0C91BC942}") = "ntcp_server_test", "unit_test\ntcp_server\ntcp_server_test.vcproj", "{971D9651-29B9-4F99-AA3E-05D119CAD4E2}"
EndProject
Project("{8BC9CEB8-8B4A-11D0-8D11-00A0C91BC942}") = "nshared", "nexus_shared\nshared.vcproj", "{785E6C08-2955-4C0D-9F14-1F3E1CBC40EB}"
	ProjectSection(ProjectDependencies) = postProject
		{53AB735E-3576-478F-9494-E74A0B0EEAD5} = {53AB735E-3576-478F-9494-E74A0B0EEAD5}
		{80021B9D-89D5-4254-B36C-F74B0FDE1B6B} = {80021B9D-89D5-4254-B36C-F74B0FDE1B6B}
		{5AF4ECA2-48D3-4AC5-9C6F-0A2F748B80C5} = {5AF4ECA2-48D3-4AC5-9C6F-0A2F748B80C5}
	EndProjectSection
EndProject
Project("{8BC9CEB8-8B4A-11D0-8D11-00A0C91BC942}") = "ntcp_client_test", "unit_test\ntcp_client\ntcp_client_test.vcproj", "{4F411174-3979-4124-AA78-CED77BFBFE5C}"
EndProject
Project("{8BC9CEB8-8B4A-11D0-8D11-00A0C91BC942}") = "ncluster_server_test", "unit_test\ncluster_server\ncluster_server_test.vcproj", "{45390A4C-1438-40F8-9739-CDE56588D729}"
EndProject
Project("{8BC9CEB8-8B4A-11D0-8D11-00A0C91BC942}") = "ncluster_client_test", "unit_test\ncluster_client\ncluster_client_test.vcproj", "{63A205E1-AC2B-41BE-A1DC-1CBE1AC78A22}"
EndProject
Project("{2150E333-8FDC-42A3-9474-1A3956D46DE8}") = "Define", "Define", "{E3766EE3-8EC3-4D91-8BD8-787E9B65EEC8}"
EndProject
Project("{8BC9CEB8-8B4A-11D0-8D11-00A0C91BC942}") = "ndef_cluster", "nexus_shared\ndef_cluster.vcproj", "{80021B9D-89D5-4254-B36C-F74B0FDE1B6B}"
	ProjectSection(ProjectDependencies) = postProject
		{6623EDF9-FAAA-44E9-A984-C96181192EDD} = {6623EDF9-FAAA-44E9-A984-C96181192EDD}
	EndProjectSection
EndProject
Project("{8BC9CEB8-8B4A-11D0-8D11-00A0C91BC942}") = "ndef_game", "nexus_shared\ndef_game.vcproj", "{6623EDF9-FAAA-44E9-A984-C96181192EDD}"
EndProject
Project("{8BC9CEB8-8B4A-11D0-8D11-00A0C91BC942}") = "ngame", "nexus_shared\ngame.vcproj", "{FA117BF7-C092-4CD9-A3AB-E3257DA04DE0}"
EndProject
Project("{8BC9CEB8-8B4A-11D0-8D11-00A0C91BC942}") = "nnetwork", "..\NexusNative\nnetwork\nnetwork.vcproj", "{5AF4ECA2-48D3-4AC5-9C6F-0A2F748B80C5}"
EndProject
Project("{8BC9CEB8-8B4A-11D0-8D11-00A0C91BC942}") = "nstress_test_client", "unit_test\nstress_test_client\nstress_test_client.vcproj", "{806AF3F5-49C6-4906-B8E4-2BFA9A751F3D}"
EndProject
Project("{8BC9CEB8-8B4A-11D0-8D11-00A0C91BC942}") = "nutil_test", "unit_test\nutil_test\nutil_test.vcproj", "{D9FCDF34-FB13-426F-B945-BD18BC2E9EC5}"
	ProjectSection(ProjectDependencies) = postProject
		{785E6C08-2955-4C0D-9F14-1F3E1CBC40EB} = {785E6C08-2955-4C0D-9F14-1F3E1CBC40EB}
	EndProjectSection
EndProject
Project("{8BC9CEB8-8B4A-11D0-8D11-00A0C91BC942}") = "ngameframework", "ngameframework\ngameframework.vcproj", "{53AB735E-3576-478F-9494-E74A0B0EEAD5}"
	ProjectSection(ProjectDependencies) = postProject
		{D6BC70C7-1A83-4046-8F36-2BD29F579486} = {D6BC70C7-1A83-4046-8F36-2BD29F579486}
	EndProjectSection
EndProject
Project("{8BC9CEB8-8B4A-11D0-8D11-00A0C91BC942}") = "nperfmon_test", "unit_test\nperfmon_test\nperfmon_test.vcproj", "{3DAB78E1-6F2B-4617-931C-C76B8EFBBBBD}"
	ProjectSection(ProjectDependencies) = postProject
		{785E6C08-2955-4C0D-9F14-1F3E1CBC40EB} = {785E6C08-2955-4C0D-9F14-1F3E1CBC40EB}
	EndProjectSection
EndProject
Project("{8BC9CEB8-8B4A-11D0-8D11-00A0C91BC942}") = "ndb_mysq_test", "unit_test\ndb_mysq_test\ndb_mysq_test.vcproj", "{EBE6F203-55A9-476F-AF6F-F663DF493E93}"
	ProjectSection(ProjectDependencies) = postProject
		{785E6C08-2955-4C0D-9F14-1F3E1CBC40EB} = {785E6C08-2955-4C0D-9F14-1F3E1CBC40EB}
	EndProjectSection
EndProject
Global
	GlobalSection(SolutionConfigurationPlatforms) = preSolution
		Debug_Dll|Win32 = Debug_Dll|Win32
		Debug_Dll|x64 = Debug_Dll|x64
		Debug|Win32 = Debug|Win32
		Debug|x64 = Debug|x64
		Release_Dll|Win32 = Release_Dll|Win32
		Release_Dll|x64 = Release_Dll|x64
		Release|Win32 = Release|Win32
		Release|x64 = Release|x64
	EndGlobalSection
	GlobalSection(ProjectConfigurationPlatforms) = postSolution
		{D6BC70C7-1A83-4046-8F36-2BD29F579486}.Debug_Dll|Win32.ActiveCfg = Debug|Win32
		{D6BC70C7-1A83-4046-8F36-2BD29F579486}.Debug_Dll|Win32.Build.0 = Debug|Win32
		{D6BC70C7-1A83-4046-8F36-2BD29F579486}.Debug_Dll|x64.ActiveCfg = Debug|x64
		{D6BC70C7-1A83-4046-8F36-2BD29F579486}.Debug_Dll|x64.Build.0 = Debug|x64
		{D6BC70C7-1A83-4046-8F36-2BD29F579486}.Debug|Win32.ActiveCfg = Debug|Win32
		{D6BC70C7-1A83-4046-8F36-2BD29F579486}.Debug|Win32.Build.0 = Debug|Win32
		{D6BC70C7-1A83-4046-8F36-2BD29F579486}.Debug|x64.ActiveCfg = Debug|x64
		{D6BC70C7-1A83-4046-8F36-2BD29F579486}.Debug|x64.Build.0 = Debug|x64
		{D6BC70C7-1A83-4046-8F36-2BD29F579486}.Release_Dll|Win32.ActiveCfg = Release|Win32
		{D6BC70C7-1A83-4046-8F36-2BD29F579486}.Release_Dll|Win32.Build.0 = Release|Win32
		{D6BC70C7-1A83-4046-8F36-2BD29F579486}.Release_Dll|x64.ActiveCfg = Release|x64
		{D6BC70C7-1A83-4046-8F36-2BD29F579486}.Release_Dll|x64.Build.0 = Release|x64
		{D6BC70C7-1A83-4046-8F36-2BD29F579486}.Release|Win32.ActiveCfg = Release|Win32
		{D6BC70C7-1A83-4046-8F36-2BD29F579486}.Release|Win32.Build.0 = Release|Win32
		{D6BC70C7-1A83-4046-8F36-2BD29F579486}.Release|x64.ActiveCfg = Release|x64
		{D6BC70C7-1A83-4046-8F36-2BD29F579486}.Release|x64.Build.0 = Release|x64
		{971D9651-29B9-4F99-AA3E-05D119CAD4E2}.Debug_Dll|Win32.ActiveCfg = Debug_Dll|Win32
		{971D9651-29B9-4F99-AA3E-05D119CAD4E2}.Debug_Dll|Win32.Build.0 = Debug_Dll|Win32
		{971D9651-29B9-4F99-AA3E-05D119CAD4E2}.Debug_Dll|x64.ActiveCfg = Debug_Dll|x64
		{971D9651-29B9-4F99-AA3E-05D119CAD4E2}.Debug_Dll|x64.Build.0 = Debug_Dll|x64
		{971D9651-29B9-4F99-AA3E-05D119CAD4E2}.Debug|Win32.ActiveCfg = Debug|Win32
		{971D9651-29B9-4F99-AA3E-05D119CAD4E2}.Debug|Win32.Build.0 = Debug|Win32
		{971D9651-29B9-4F99-AA3E-05D119CAD4E2}.Debug|x64.ActiveCfg = Debug|x64
		{971D9651-29B9-4F99-AA3E-05D119CAD4E2}.Debug|x64.Build.0 = Debug|x64
		{971D9651-29B9-4F99-AA3E-05D119CAD4E2}.Release_Dll|Win32.ActiveCfg = Release_Dll|Win32
		{971D9651-29B9-4F99-AA3E-05D119CAD4E2}.Release_Dll|Win32.Build.0 = Release_Dll|Win32
		{971D9651-29B9-4F99-AA3E-05D119CAD4E2}.Release_Dll|x64.ActiveCfg = Release_Dll|x64
		{971D9651-29B9-4F99-AA3E-05D119CAD4E2}.Release_Dll|x64.Build.0 = Release_Dll|x64
		{971D9651-29B9-4F99-AA3E-05D119CAD4E2}.Release|Win32.ActiveCfg = Release|Win32
		{971D9651-29B9-4F99-AA3E-05D119CAD4E2}.Release|Win32.Build.0 = Release|Win32
		{971D9651-29B9-4F99-AA3E-05D119CAD4E2}.Release|x64.ActiveCfg = Release|x64
		{971D9651-29B9-4F99-AA3E-05D119CAD4E2}.Release|x64.Build.0 = Release|x64
		{785E6C08-2955-4C0D-9F14-1F3E1CBC40EB}.Debug_Dll|Win32.ActiveCfg = Debug|Win32
		{785E6C08-2955-4C0D-9F14-1F3E1CBC40EB}.Debug_Dll|Win32.Build.0 = Debug|Win32
		{785E6C08-2955-4C0D-9F14-1F3E1CBC40EB}.Debug_Dll|x64.ActiveCfg = Debug|x64
		{785E6C08-2955-4C0D-9F14-1F3E1CBC40EB}.Debug_Dll|x64.Build.0 = Debug|x64
		{785E6C08-2955-4C0D-9F14-1F3E1CBC40EB}.Debug|Win32.ActiveCfg = Debug|Win32
		{785E6C08-2955-4C0D-9F14-1F3E1CBC40EB}.Debug|Win32.Build.0 = Debug|Win32
		{785E6C08-2955-4C0D-9F14-1F3E1CBC40EB}.Debug|x64.ActiveCfg = Debug|x64
		{785E6C08-2955-4C0D-9F14-1F3E1CBC40EB}.Debug|x64.Build.0 = Debug|x64
		{785E6C08-2955-4C0D-9F14-1F3E1CBC40EB}.Release_Dll|Win32.ActiveCfg = Release|Win32
		{785E6C08-2955-4C0D-9F14-1F3E1CBC40EB}.Release_Dll|Win32.Build.0 = Release|Win32
		{785E6C08-2955-4C0D-9F14-1F3E1CBC40EB}.Release_Dll|x64.ActiveCfg = Release|x64
		{785E6C08-2955-4C0D-9F14-1F3E1CBC40EB}.Release_Dll|x64.Build.0 = Release|x64
		{785E6C08-2955-4C0D-9F14-1F3E1CBC40EB}.Release|Win32.ActiveCfg = Release|Win32
		{785E6C08-2955-4C0D-9F14-1F3E1CBC40EB}.Release|Win32.Build.0 = Release|Win32
		{785E6C08-2955-4C0D-9F14-1F3E1CBC40EB}.Release|x64.ActiveCfg = Release|x64
		{785E6C08-2955-4C0D-9F14-1F3E1CBC40EB}.Release|x64.Build.0 = Release|x64
		{4F411174-3979-4124-AA78-CED77BFBFE5C}.Debug_Dll|Win32.ActiveCfg = Release|Win32
		{4F411174-3979-4124-AA78-CED77BFBFE5C}.Debug_Dll|Win32.Build.0 = Release|Win32
		{4F411174-3979-4124-AA78-CED77BFBFE5C}.Debug_Dll|x64.ActiveCfg = Debug|x64
		{4F411174-3979-4124-AA78-CED77BFBFE5C}.Debug_Dll|x64.Build.0 = Debug|x64
		{4F411174-3979-4124-AA78-CED77BFBFE5C}.Debug|Win32.ActiveCfg = Debug|Win32
		{4F411174-3979-4124-AA78-CED77BFBFE5C}.Debug|Win32.Build.0 = Debug|Win32
		{4F411174-3979-4124-AA78-CED77BFBFE5C}.Debug|x64.ActiveCfg = Debug|x64
		{4F411174-3979-4124-AA78-CED77BFBFE5C}.Debug|x64.Build.0 = Debug|x64
		{4F411174-3979-4124-AA78-CED77BFBFE5C}.Release_Dll|Win32.ActiveCfg = Release|Win32
		{4F411174-3979-4124-AA78-CED77BFBFE5C}.Release_Dll|Win32.Build.0 = Release|Win32
		{4F411174-3979-4124-AA78-CED77BFBFE5C}.Release_Dll|x64.ActiveCfg = Release|x64
		{4F411174-3979-4124-AA78-CED77BFBFE5C}.Release_Dll|x64.Build.0 = Release|x64
		{4F411174-3979-4124-AA78-CED77BFBFE5C}.Release|Win32.ActiveCfg = Release|Win32
		{4F411174-3979-4124-AA78-CED77BFBFE5C}.Release|Win32.Build.0 = Release|Win32
		{4F411174-3979-4124-AA78-CED77BFBFE5C}.Release|x64.ActiveCfg = Release|x64
		{4F411174-3979-4124-AA78-CED77BFBFE5C}.Release|x64.Build.0 = Release|x64
		{45390A4C-1438-40F8-9739-CDE56588D729}.Debug_Dll|Win32.ActiveCfg = Debug_Dll|Win32
		{45390A4C-1438-40F8-9739-CDE56588D729}.Debug_Dll|Win32.Build.0 = Debug_Dll|Win32
		{45390A4C-1438-40F8-9739-CDE56588D729}.Debug_Dll|x64.ActiveCfg = Debug_Dll|x64
		{45390A4C-1438-40F8-9739-CDE56588D729}.Debug_Dll|x64.Build.0 = Debug_Dll|x64
		{45390A4C-1438-40F8-9739-CDE56588D729}.Debug|Win32.ActiveCfg = Debug|Win32
		{45390A4C-1438-40F8-9739-CDE56588D729}.Debug|Win32.Build.0 = Debug|Win32
		{45390A4C-1438-40F8-9739-CDE56588D729}.Debug|x64.ActiveCfg = Debug|x64
		{45390A4C-1438-40F8-9739-CDE56588D729}.Debug|x64.Build.0 = Debug|x64
		{45390A4C-1438-40F8-9739-CDE56588D729}.Release_Dll|Win32.ActiveCfg = Release_Dll|Win32
		{45390A4C-1438-40F8-9739-CDE56588D729}.Release_Dll|Win32.Build.0 = Release_Dll|Win32
		{45390A4C-1438-40F8-9739-CDE56588D729}.Release_Dll|x64.ActiveCfg = Release_Dll|x64
		{45390A4C-1438-40F8-9739-CDE56588D729}.Release_Dll|x64.Build.0 = Release_Dll|x64
		{45390A4C-1438-40F8-9739-CDE56588D729}.Release|Win32.ActiveCfg = Release|Win32
		{45390A4C-1438-40F8-9739-CDE56588D729}.Release|Win32.Build.0 = Release|Win32
		{45390A4C-1438-40F8-9739-CDE56588D729}.Release|x64.ActiveCfg = Release|x64
		{45390A4C-1438-40F8-9739-CDE56588D729}.Release|x64.Build.0 = Release|x64
		{63A205E1-AC2B-41BE-A1DC-1CBE1AC78A22}.Debug_Dll|Win32.ActiveCfg = Debug|Win32
		{63A205E1-AC2B-41BE-A1DC-1CBE1AC78A22}.Debug_Dll|Win32.Build.0 = Debug|Win32
		{63A205E1-AC2B-41BE-A1DC-1CBE1AC78A22}.Debug_Dll|x64.ActiveCfg = Debug|x64
		{63A205E1-AC2B-41BE-A1DC-1CBE1AC78A22}.Debug_Dll|x64.Build.0 = Debug|x64
		{63A205E1-AC2B-41BE-A1DC-1CBE1AC78A22}.Debug|Win32.ActiveCfg = Debug|Win32
		{63A205E1-AC2B-41BE-A1DC-1CBE1AC78A22}.Debug|Win32.Build.0 = Debug|Win32
		{63A205E1-AC2B-41BE-A1DC-1CBE1AC78A22}.Debug|x64.ActiveCfg = Debug|x64
		{63A205E1-AC2B-41BE-A1DC-1CBE1AC78A22}.Debug|x64.Build.0 = Debug|x64
		{63A205E1-AC2B-41BE-A1DC-1CBE1AC78A22}.Release_Dll|Win32.ActiveCfg = Release|Win32
		{63A205E1-AC2B-41BE-A1DC-1CBE1AC78A22}.Release_Dll|Win32.Build.0 = Release|Win32
		{63A205E1-AC2B-41BE-A1DC-1CBE1AC78A22}.Release_Dll|x64.ActiveCfg = Release|x64
		{63A205E1-AC2B-41BE-A1DC-1CBE1AC78A22}.Release_Dll|x64.Build.0 = Release|x64
		{63A205E1-AC2B-41BE-A1DC-1CBE1AC78A22}.Release|Win32.ActiveCfg = Release|Win32
		{63A205E1-AC2B-41BE-A1DC-1CBE1AC78A22}.Release|Win32.Build.0 = Release|Win32
		{63A205E1-AC2B-41BE-A1DC-1CBE1AC78A22}.Release|x64.ActiveCfg = Release|x64
		{63A205E1-AC2B-41BE-A1DC-1CBE1AC78A22}.Release|x64.Build.0 = Release|x64
		{80021B9D-89D5-4254-B36C-F74B0FDE1B6B}.Debug_Dll|Win32.ActiveCfg = Debug|Win32
		{80021B9D-89D5-4254-B36C-F74B0FDE1B6B}.Debug_Dll|Win32.Build.0 = Debug|Win32
		{80021B9D-89D5-4254-B36C-F74B0FDE1B6B}.Debug_Dll|x64.ActiveCfg = Debug|x64
		{80021B9D-89D5-4254-B36C-F74B0FDE1B6B}.Debug_Dll|x64.Build.0 = Debug|x64
		{80021B9D-89D5-4254-B36C-F74B0FDE1B6B}.Debug|Win32.ActiveCfg = Debug|Win32
		{80021B9D-89D5-4254-B36C-F74B0FDE1B6B}.Debug|Win32.Build.0 = Debug|Win32
		{80021B9D-89D5-4254-B36C-F74B0FDE1B6B}.Debug|x64.ActiveCfg = Debug|x64
		{80021B9D-89D5-4254-B36C-F74B0FDE1B6B}.Debug|x64.Build.0 = Debug|x64
		{80021B9D-89D5-4254-B36C-F74B0FDE1B6B}.Release_Dll|Win32.ActiveCfg = Release|Win32
		{80021B9D-89D5-4254-B36C-F74B0FDE1B6B}.Release_Dll|Win32.Build.0 = Release|Win32
		{80021B9D-89D5-4254-B36C-F74B0FDE1B6B}.Release_Dll|x64.ActiveCfg = Release|x64
		{80021B9D-89D5-4254-B36C-F74B0FDE1B6B}.Release_Dll|x64.Build.0 = Release|x64
		{80021B9D-89D5-4254-B36C-F74B0FDE1B6B}.Release|Win32.ActiveCfg = Release|Win32
		{80021B9D-89D5-4254-B36C-F74B0FDE1B6B}.Release|Win32.Build.0 = Release|Win32
		{80021B9D-89D5-4254-B36C-F74B0FDE1B6B}.Release|x64.ActiveCfg = Release|x64
		{80021B9D-89D5-4254-B36C-F74B0FDE1B6B}.Release|x64.Build.0 = Release|x64
		{6623EDF9-FAAA-44E9-A984-C96181192EDD}.Debug_Dll|Win32.ActiveCfg = Debug|Win32
		{6623EDF9-FAAA-44E9-A984-C96181192EDD}.Debug_Dll|Win32.Build.0 = Debug|Win32
		{6623EDF9-FAAA-44E9-A984-C96181192EDD}.Debug_Dll|x64.ActiveCfg = Debug|x64
		{6623EDF9-FAAA-44E9-A984-C96181192EDD}.Debug_Dll|x64.Build.0 = Debug|x64
		{6623EDF9-FAAA-44E9-A984-C96181192EDD}.Debug|Win32.ActiveCfg = Debug|Win32
		{6623EDF9-FAAA-44E9-A984-C96181192EDD}.Debug|Win32.Build.0 = Debug|Win32
		{6623EDF9-FAAA-44E9-A984-C96181192EDD}.Debug|x64.ActiveCfg = Debug|x64
		{6623EDF9-FAAA-44E9-A984-C96181192EDD}.Debug|x64.Build.0 = Debug|x64
		{6623EDF9-FAAA-44E9-A984-C96181192EDD}.Release_Dll|Win32.ActiveCfg = Release|Win32
		{6623EDF9-FAAA-44E9-A984-C96181192EDD}.Release_Dll|Win32.Build.0 = Release|Win32
		{6623EDF9-FAAA-44E9-A984-C96181192EDD}.Release_Dll|x64.ActiveCfg = Release|x64
		{6623EDF9-FAAA-44E9-A984-C96181192EDD}.Release_Dll|x64.Build.0 = Release|x64
		{6623EDF9-FAAA-44E9-A984-C96181192EDD}.Release|Win32.ActiveCfg = Release|Win32
		{6623EDF9-FAAA-44E9-A984-C96181192EDD}.Release|Win32.Build.0 = Release|Win32
		{6623EDF9-FAAA-44E9-A984-C96181192EDD}.Release|x64.ActiveCfg = Release|x64
		{6623EDF9-FAAA-44E9-A984-C96181192EDD}.Release|x64.Build.0 = Release|x64
		{FA117BF7-C092-4CD9-A3AB-E3257DA04DE0}.Debug_Dll|Win32.ActiveCfg = Debug|Win32
		{FA117BF7-C092-4CD9-A3AB-E3257DA04DE0}.Debug_Dll|Win32.Build.0 = Debug|Win32
		{FA117BF7-C092-4CD9-A3AB-E3257DA04DE0}.Debug_Dll|x64.ActiveCfg = Debug|x64
		{FA117BF7-C092-4CD9-A3AB-E3257DA04DE0}.Debug_Dll|x64.Build.0 = Debug|x64
		{FA117BF7-C092-4CD9-A3AB-E3257DA04DE0}.Debug|Win32.ActiveCfg = Debug|Win32
		{FA117BF7-C092-4CD9-A3AB-E3257DA04DE0}.Debug|Win32.Build.0 = Debug|Win32
		{FA117BF7-C092-4CD9-A3AB-E3257DA04DE0}.Debug|x64.ActiveCfg = Debug|x64
		{FA117BF7-C092-4CD9-A3AB-E3257DA04DE0}.Debug|x64.Build.0 = Debug|x64
		{FA117BF7-C092-4CD9-A3AB-E3257DA04DE0}.Release_Dll|Win32.ActiveCfg = Release|Win32
		{FA117BF7-C092-4CD9-A3AB-E3257DA04DE0}.Release_Dll|Win32.Build.0 = Release|Win32
		{FA117BF7-C092-4CD9-A3AB-E3257DA04DE0}.Release_Dll|x64.ActiveCfg = Release|x64
		{FA117BF7-C092-4CD9-A3AB-E3257DA04DE0}.Release_Dll|x64.Build.0 = Release|x64
		{FA117BF7-C092-4CD9-A3AB-E3257DA04DE0}.Release|Win32.ActiveCfg = Release|Win32
		{FA117BF7-C092-4CD9-A3AB-E3257DA04DE0}.Release|Win32.Build.0 = Release|Win32
		{FA117BF7-C092-4CD9-A3AB-E3257DA04DE0}.Release|x64.ActiveCfg = Release|x64
		{FA117BF7-C092-4CD9-A3AB-E3257DA04DE0}.Release|x64.Build.0 = Release|x64
		{5AF4ECA2-48D3-4AC5-9C6F-0A2F748B80C5}.Debug_Dll|Win32.ActiveCfg = Debug_Dll|Win32
		{5AF4ECA2-48D3-4AC5-9C6F-0A2F748B80C5}.Debug_Dll|Win32.Build.0 = Debug_Dll|Win32
		{5AF4ECA2-48D3-4AC5-9C6F-0A2F748B80C5}.Debug_Dll|x64.ActiveCfg = Debug_Dll|x64
		{5AF4ECA2-48D3-4AC5-9C6F-0A2F748B80C5}.Debug_Dll|x64.Build.0 = Debug_Dll|x64
		{5AF4ECA2-48D3-4AC5-9C6F-0A2F748B80C5}.Debug|Win32.ActiveCfg = Debug|Win32
		{5AF4ECA2-48D3-4AC5-9C6F-0A2F748B80C5}.Debug|Win32.Build.0 = Debug|Win32
		{5AF4ECA2-48D3-4AC5-9C6F-0A2F748B80C5}.Debug|x64.ActiveCfg = Debug|x64
		{5AF4ECA2-48D3-4AC5-9C6F-0A2F748B80C5}.Debug|x64.Build.0 = Debug|x64
		{5AF4ECA2-48D3-4AC5-9C6F-0A2F748B80C5}.Release_Dll|Win32.ActiveCfg = Release_Dll|Win32
		{5AF4ECA2-48D3-4AC5-9C6F-0A2F748B80C5}.Release_Dll|Win32.Build.0 = Release_Dll|Win32
		{5AF4ECA2-48D3-4AC5-9C6F-0A2F748B80C5}.Release_Dll|x64.ActiveCfg = Release_Dll|x64
		{5AF4ECA2-48D3-4AC5-9C6F-0A2F748B80C5}.Release_Dll|x64.Build.0 = Release_Dll|x64
		{5AF4ECA2-48D3-4AC5-9C6F-0A2F748B80C5}.Release|Win32.ActiveCfg = Release|Win32
		{5AF4ECA2-48D3-4AC5-9C6F-0A2F748B80C5}.Release|Win32.Build.0 = Release|Win32
		{5AF4ECA2-48D3-4AC5-9C6F-0A2F748B80C5}.Release|x64.ActiveCfg = Release|x64
		{5AF4ECA2-48D3-4AC5-9C6F-0A2F748B80C5}.Release|x64.Build.0 = Release|x64
		{806AF3F5-49C6-4906-B8E4-2BFA9A751F3D}.Debug_Dll|Win32.ActiveCfg = Debug|Win32
		{806AF3F5-49C6-4906-B8E4-2BFA9A751F3D}.Debug_Dll|Win32.Build.0 = Debug|Win32
		{806AF3F5-49C6-4906-B8E4-2BFA9A751F3D}.Debug_Dll|x64.ActiveCfg = Debug|x64
		{806AF3F5-49C6-4906-B8E4-2BFA9A751F3D}.Debug_Dll|x64.Build.0 = Debug|x64
		{806AF3F5-49C6-4906-B8E4-2BFA9A751F3D}.Debug|Win32.ActiveCfg = Debug|Win32
		{806AF3F5-49C6-4906-B8E4-2BFA9A751F3D}.Debug|Win32.Build.0 = Debug|Win32
		{806AF3F5-49C6-4906-B8E4-2BFA9A751F3D}.Debug|x64.ActiveCfg = Debug|x64
		{806AF3F5-49C6-4906-B8E4-2BFA9A751F3D}.Debug|x64.Build.0 = Debug|x64
		{806AF3F5-49C6-4906-B8E4-2BFA9A751F3D}.Release_Dll|Win32.ActiveCfg = Release|Win32
		{806AF3F5-49C6-4906-B8E4-2BFA9A751F3D}.Release_Dll|Win32.Build.0 = Release|Win32
		{806AF3F5-49C6-4906-B8E4-2BFA9A751F3D}.Release_Dll|x64.ActiveCfg = Release|x64
		{806AF3F5-49C6-4906-B8E4-2BFA9A751F3D}.Release_Dll|x64.Build.0 = Release|x64
		{806AF3F5-49C6-4906-B8E4-2BFA9A751F3D}.Release|Win32.ActiveCfg = Release|Win32
		{806AF3F5-49C6-4906-B8E4-2BFA9A751F3D}.Release|Win32.Build.0 = Release|Win32
		{806AF3F5-49C6-4906-B8E4-2BFA9A751F3D}.Release|x64.ActiveCfg = Release|x64
		{806AF3F5-49C6-4906-B8E4-2BFA9A751F3D}.Release|x64.Build.0 = Release|x64
		{D9FCDF34-FB13-426F-B945-BD18BC2E9EC5}.Debug_Dll|Win32.ActiveCfg = Debug_Dll|Win32
		{D9FCDF34-FB13-426F-B945-BD18BC2E9EC5}.Debug_Dll|Win32.Build.0 = Debug_Dll|Win32
		{D9FCDF34-FB13-426F-B945-BD18BC2E9EC5}.Debug_Dll|x64.ActiveCfg = Debug_Dll|x64
		{D9FCDF34-FB13-426F-B945-BD18BC2E9EC5}.Debug_Dll|x64.Build.0 = Debug_Dll|x64
		{D9FCDF34-FB13-426F-B945-BD18BC2E9EC5}.Debug|Win32.ActiveCfg = Debug|Win32
		{D9FCDF34-FB13-426F-B945-BD18BC2E9EC5}.Debug|Win32.Build.0 = Debug|Win32
		{D9FCDF34-FB13-426F-B945-BD18BC2E9EC5}.Debug|x64.ActiveCfg = Debug|x64
		{D9FCDF34-FB13-426F-B945-BD18BC2E9EC5}.Debug|x64.Build.0 = Debug|x64
		{D9FCDF34-FB13-426F-B945-BD18BC2E9EC5}.Release_Dll|Win32.ActiveCfg = Release_Dll|Win32
		{D9FCDF34-FB13-426F-B945-BD18BC2E9EC5}.Release_Dll|Win32.Build.0 = Release_Dll|Win32
		{D9FCDF34-FB13-426F-B945-BD18BC2E9EC5}.Release_Dll|x64.ActiveCfg = Release_Dll|x64
		{D9FCDF34-FB13-426F-B945-BD18BC2E9EC5}.Release_Dll|x64.Build.0 = Release_Dll|x64
		{D9FCDF34-FB13-426F-B945-BD18BC2E9EC5}.Release|Win32.ActiveCfg = Release|Win32
		{D9FCDF34-FB13-426F-B945-BD18BC2E9EC5}.Release|Win32.Build.0 = Release|Win32
		{D9FCDF34-FB13-426F-B945-BD18BC2E9EC5}.Release|x64.ActiveCfg = Release|x64
		{D9FCDF34-FB13-426F-B945-BD18BC2E9EC5}.Release|x64.Build.0 = Release|x64
		{53AB735E-3576-478F-9494-E74A0B0EEAD5}.Debug_Dll|Win32.ActiveCfg = Debug|x64
		{53AB735E-3576-478F-9494-E74A0B0EEAD5}.Debug_Dll|x64.ActiveCfg = Debug|x64
		{53AB735E-3576-478F-9494-E74A0B0EEAD5}.Debug_Dll|x64.Build.0 = Debug|x64
		{53AB735E-3576-478F-9494-E74A0B0EEAD5}.Debug|Win32.ActiveCfg = Debug|Win32
		{53AB735E-3576-478F-9494-E74A0B0EEAD5}.Debug|Win32.Build.0 = Debug|Win32
		{53AB735E-3576-478F-9494-E74A0B0EEAD5}.Debug|x64.ActiveCfg = Debug|x64
		{53AB735E-3576-478F-9494-E74A0B0EEAD5}.Debug|x64.Build.0 = Debug|x64
		{53AB735E-3576-478F-9494-E74A0B0EEAD5}.Release_Dll|Win32.ActiveCfg = Release|x64
		{53AB735E-3576-478F-9494-E74A0B0EEAD5}.Release_Dll|x64.ActiveCfg = Release|x64
		{53AB735E-3576-478F-9494-E74A0B0EEAD5}.Release_Dll|x64.Build.0 = Release|x64
		{53AB735E-3576-478F-9494-E74A0B0EEAD5}.Release|Win32.ActiveCfg = Release|Win32
		{53AB735E-3576-478F-9494-E74A0B0EEAD5}.Release|Win32.Build.0 = Release|Win32
		{53AB735E-3576-478F-9494-E74A0B0EEAD5}.Release|x64.ActiveCfg = Release|x64
		{53AB735E-3576-478F-9494-E74A0B0EEAD5}.Release|x64.Build.0 = Release|x64
		{3DAB78E1-6F2B-4617-931C-C76B8EFBBBBD}.Debug_Dll|Win32.ActiveCfg = Debug|x64
		{3DAB78E1-6F2B-4617-931C-C76B8EFBBBBD}.Debug_Dll|x64.ActiveCfg = Debug|x64
		{3DAB78E1-6F2B-4617-931C-C76B8EFBBBBD}.Debug_Dll|x64.Build.0 = Debug|x64
		{3DAB78E1-6F2B-4617-931C-C76B8EFBBBBD}.Debug|Win32.ActiveCfg = Debug|Win32
		{3DAB78E1-6F2B-4617-931C-C76B8EFBBBBD}.Debug|Win32.Build.0 = Debug|Win32
		{3DAB78E1-6F2B-4617-931C-C76B8EFBBBBD}.Debug|x64.ActiveCfg = Debug|x64
		{3DAB78E1-6F2B-4617-931C-C76B8EFBBBBD}.Debug|x64.Build.0 = Debug|x64
		{3DAB78E1-6F2B-4617-931C-C76B8EFBBBBD}.Release_Dll|Win32.ActiveCfg = Release|x64
		{3DAB78E1-6F2B-4617-931C-C76B8EFBBBBD}.Release_Dll|x64.ActiveCfg = Release|x64
		{3DAB78E1-6F2B-4617-931C-C76B8EFBBBBD}.Release_Dll|x64.Build.0 = Release|x64
		{3DAB78E1-6F2B-4617-931C-C76B8EFBBBBD}.Release|Win32.ActiveCfg = Release|Win32
		{3DAB78E1-6F2B-4617-931C-C76B8EFBBBBD}.Release|Win32.Build.0 = Release|Win32
		{3DAB78E1-6F2B-4617-931C-C76B8EFBBBBD}.Release|x64.ActiveCfg = Release|x64
		{3DAB78E1-6F2B-4617-931C-C76B8EFBBBBD}.Release|x64.Build.0 = Release|x64
		{EBE6F203-55A9-476F-AF6F-F663DF493E93}.Debug_Dll|Win32.ActiveCfg = Debug|x64
		{EBE6F203-55A9-476F-AF6F-F663DF493E93}.Debug_Dll|x64.ActiveCfg = Debug|x64
		{EBE6F203-55A9-476F-AF6F-F663DF493E93}.Debug_Dll|x64.Build.0 = Debug|x64
		{EBE6F203-55A9-476F-AF6F-F663DF493E93}.Debug|Win32.ActiveCfg = Debug|Win32
		{EBE6F203-55A9-476F-AF6F-F663DF493E93}.Debug|Win32.Build.0 = Debug|Win32
		{EBE6F203-55A9-476F-AF6F-F663DF493E93}.Debug|x64.ActiveCfg = Debug|x64
		{EBE6F203-55A9-476F-AF6F-F663DF493E93}.Debug|x64.Build.0 = Debug|x64
		{EBE6F203-55A9-476F-AF6F-F663DF493E93}.Release_Dll|Win32.ActiveCfg = Release|x64
		{EBE6F203-55A9-476F-AF6F-F663DF493E93}.Release_Dll|x64.ActiveCfg = Release|x64
		{EBE6F203-55A9-476F-AF6F-F663DF493E93}.Release_Dll|x64.Build.0 = Release|x64
		{EBE6F203-55A9-476F-AF6F-F663DF493E93}.Release|Win32.ActiveCfg = Release|Win32
		{EBE6F203-55A9-476F-AF6F-F663DF493E93}.Release|Win32.Build.0 = Release|Win32
		{EBE6F203-55A9-476F-AF6F-F663DF493E93}.Release|x64.ActiveCfg = Release|x64
		{EBE6F203-55A9-476F-AF6F-F663DF493E93}.Release|x64.Build.0 = Release|x64
	EndGlobalSection
	GlobalSection(SolutionProperties) = preSolution
		HideSolutionNode = FALSE
	EndGlobalSection
	GlobalSection(NestedProjects) = preSolution
		{D6BC70C7-1A83-4046-8F36-2BD29F579486} = {93AB72CD-C2AC-4BAB-BA87-DCCE20E9DED6}
		{5AF4ECA2-48D3-4AC5-9C6F-0A2F748B80C5} = {93AB72CD-C2AC-4BAB-BA87-DCCE20E9DED6}
		{785E6C08-2955-4C0D-9F14-1F3E1CBC40EB} = {F28B5041-2437-45B6-ADBC-4A5180AD54E9}
		{FA117BF7-C092-4CD9-A3AB-E3257DA04DE0} = {F28B5041-2437-45B6-ADBC-4A5180AD54E9}
		{53AB735E-3576-478F-9494-E74A0B0EEAD5} = {F28B5041-2437-45B6-ADBC-4A5180AD54E9}
		{971D9651-29B9-4F99-AA3E-05D119CAD4E2} = {13232E58-EDA0-45B4-ADF0-FC3FAC2FB96B}
		{4F411174-3979-4124-AA78-CED77BFBFE5C} = {13232E58-EDA0-45B4-ADF0-FC3FAC2FB96B}
		{45390A4C-1438-40F8-9739-CDE56588D729} = {13232E58-EDA0-45B4-ADF0-FC3FAC2FB96B}
		{63A205E1-AC2B-41BE-A1DC-1CBE1AC78A22} = {13232E58-EDA0-45B4-ADF0-FC3FAC2FB96B}
		{806AF3F5-49C6-4906-B8E4-2BFA9A751F3D} = {13232E58-EDA0-45B4-ADF0-FC3FAC2FB96B}
		{D9FCDF34-FB13-426F-B945-BD18BC2E9EC5} = {13232E58-EDA0-45B4-ADF0-FC3FAC2FB96B}
		{3DAB78E1-6F2B-4617-931C-C76B8EFBBBBD} = {13232E58-EDA0-45B4-ADF0-FC3FAC2FB96B}
		{EBE6F203-55A9-476F-AF6F-F663DF493E93} = {13232E58-EDA0-45B4-ADF0-FC3FAC2FB96B}
		{80021B9D-89D5-4254-B36C-F74B0FDE1B6B} = {E3766EE3-8EC3-4D91-8BD8-787E9B65EEC8}
		{6623EDF9-FAAA-44E9-A984-C96181192EDD} = {E3766EE3-8EC3-4D91-8BD8-787E9B65EEC8}
	EndGlobalSection
EndGlobal
