
Microsoft Visual Studio Solution File, Format Version 10.00
# Visual Studio 2008
Project("{2150E333-8FDC-42A3-9474-1A3956D46DE8}") = "NativeEngine", "NativeEngine", "{93AB72CD-C2AC-4BAB-BA87-DCCE20E9DED6}"
EndProject
Project("{2150E333-8FDC-42A3-9474-1A3956D46DE8}") = "App", "App", "{F28B5041-2437-45B6-ADBC-4A5180AD54E9}"
EndProject
Project("{8BC9CEB8-8B4A-11D0-8D11-00A0C91BC942}") = "ncore", "..\NexusNative\ncore\ncore.vcproj", "{D6BC70C7-1A83-4046-8F36-2BD29F579486}"
EndProject
Project("{8BC9CEB8-8B4A-11D0-8D11-00A0C91BC942}") = "nbg", "nexus_bg\nbg.vcproj", "{892AE58C-CDE1-40B8-89C3-AF3C1EF246E4}"
	ProjectSection(ProjectDependencies) = postProject
		{FA117BF7-C092-4CD9-A3AB-E3257DA04DE0} = {FA117BF7-C092-4CD9-A3AB-E3257DA04DE0}
	EndProjectSection
EndProject
Project("{8BC9CEB8-8B4A-11D0-8D11-00A0C91BC942}") = "ndb", "nexus_db\ndb.vcproj", "{361D281F-7F51-43E9-ABB3-FB8BF0D1B966}"
	ProjectSection(ProjectDependencies) = postProject
		{785E6C08-2955-4C0D-9F14-1F3E1CBC40EB} = {785E6C08-2955-4C0D-9F14-1F3E1CBC40EB}
		{80021B9D-89D5-4254-B36C-F74B0FDE1B6B} = {80021B9D-89D5-4254-B36C-F74B0FDE1B6B}
	EndProjectSection
EndProject
Project("{8BC9CEB8-8B4A-11D0-8D11-00A0C91BC942}") = "ngateway", "nexus_gateway\ngateway.vcproj", "{02145069-CC41-42DF-87B5-777CAD79ADED}"
	ProjectSection(ProjectDependencies) = postProject
		{785E6C08-2955-4C0D-9F14-1F3E1CBC40EB} = {785E6C08-2955-4C0D-9F14-1F3E1CBC40EB}
		{80021B9D-89D5-4254-B36C-F74B0FDE1B6B} = {80021B9D-89D5-4254-B36C-F74B0FDE1B6B}
	EndProjectSection
EndProject
Project("{8BC9CEB8-8B4A-11D0-8D11-00A0C91BC942}") = "nshared", "nexus_shared\nshared.vcproj", "{785E6C08-2955-4C0D-9F14-1F3E1CBC40EB}"
	ProjectSection(ProjectDependencies) = postProject
		{53AB735E-3576-478F-9494-E74A0B0EEAD5} = {53AB735E-3576-478F-9494-E74A0B0EEAD5}
		{80021B9D-89D5-4254-B36C-F74B0FDE1B6B} = {80021B9D-89D5-4254-B36C-F74B0FDE1B6B}
		{5AF4ECA2-48D3-4AC5-9C6F-0A2F748B80C5} = {5AF4ECA2-48D3-4AC5-9C6F-0A2F748B80C5}
	EndProjectSection
EndProject
Project("{8BC9CEB8-8B4A-11D0-8D11-00A0C91BC942}") = "nworld", "nexus_world\nworld.vcproj", "{D533B0C5-5C17-4718-BAF8-0FAE63A4C824}"
	ProjectSection(ProjectDependencies) = postProject
		{FA117BF7-C092-4CD9-A3AB-E3257DA04DE0} = {FA117BF7-C092-4CD9-A3AB-E3257DA04DE0}
	EndProjectSection
EndProject
Project("{8BC9CEB8-8B4A-11D0-8D11-00A0C91BC942}") = "nlogin", "nexus_login\nlogin.vcproj", "{A25EBDF2-4378-4A93-AA63-091AD95CA526}"
	ProjectSection(ProjectDependencies) = postProject
		{785E6C08-2955-4C0D-9F14-1F3E1CBC40EB} = {785E6C08-2955-4C0D-9F14-1F3E1CBC40EB}
		{80021B9D-89D5-4254-B36C-F74B0FDE1B6B} = {80021B9D-89D5-4254-B36C-F74B0FDE1B6B}
	EndProjectSection
EndProject
Project("{2150E333-8FDC-42A3-9474-1A3956D46DE8}") = "Define", "Define", "{E3766EE3-8EC3-4D91-8BD8-787E9B65EEC8}"
EndProject
Project("{8BC9CEB8-8B4A-11D0-8D11-00A0C91BC942}") = "ndef_cluster", "nexus_shared\ndef_cluster.vcproj", "{80021B9D-89D5-4254-B36C-F74B0FDE1B6B}"
	ProjectSection(ProjectDependencies) = postProject
		{6623EDF9-FAAA-44E9-A984-C96181192EDD} = {6623EDF9-FAAA-44E9-A984-C96181192EDD}
	EndProjectSection
EndProject
Project("{8BC9CEB8-8B4A-11D0-8D11-00A0C91BC942}") = "ndef_game", "nexus_shared\ndef_game.vcproj", "{6623EDF9-FAAA-44E9-A984-C96181192EDD}"
EndProject
Project("{8BC9CEB8-8B4A-11D0-8D11-00A0C91BC942}") = "ngame", "nexus_shared\ngame.vcproj", "{FA117BF7-C092-4CD9-A3AB-E3257DA04DE0}"
	ProjectSection(ProjectDependencies) = postProject
		{785E6C08-2955-4C0D-9F14-1F3E1CBC40EB} = {785E6C08-2955-4C0D-9F14-1F3E1CBC40EB}
	EndProjectSection
EndProject
Project("{8BC9CEB8-8B4A-11D0-8D11-00A0C91BC942}") = "nnetwork", "..\NexusNative\nnetwork\nnetwork.vcproj", "{5AF4ECA2-48D3-4AC5-9C6F-0A2F748B80C5}"
EndProject
Project("{8BC9CEB8-8B4A-11D0-8D11-00A0C91BC942}") = "ngameframework", "ngameframework\ngameframework.vcproj", "{53AB735E-3576-478F-9494-E74A0B0EEAD5}"
	ProjectSection(ProjectDependencies) = postProject
		{D6BC70C7-1A83-4046-8F36-2BD29F579486} = {D6BC70C7-1A83-4046-8F36-2BD29F579486}
	EndProjectSection
EndProject
Global
	GlobalSection(SolutionConfigurationPlatforms) = preSolution
		Debug_Dll|Win32 = Debug_Dll|Win32
		Debug_Dll|x64 = Debug_Dll|x64
		Debug|Win32 = Debug|Win32
		Debug|x64 = Debug|x64
		Release_Dll|Win32 = Release_Dll|Win32
		Release_Dll|x64 = Release_Dll|x64
		Release|Win32 = Release|Win32
		Release|x64 = Release|x64
	EndGlobalSection
	GlobalSection(ProjectConfigurationPlatforms) = postSolution
		{D6BC70C7-1A83-4046-8F36-2BD29F579486}.Debug_Dll|Win32.ActiveCfg = Debug|Win32
		{D6BC70C7-1A83-4046-8F36-2BD29F579486}.Debug_Dll|Win32.Build.0 = Debug|Win32
		{D6BC70C7-1A83-4046-8F36-2BD29F579486}.Debug_Dll|x64.ActiveCfg = Debug|x64
		{D6BC70C7-1A83-4046-8F36-2BD29F579486}.Debug_Dll|x64.Build.0 = Debug|x64
		{D6BC70C7-1A83-4046-8F36-2BD29F579486}.Debug|Win32.ActiveCfg = Debug|Win32
		{D6BC70C7-1A83-4046-8F36-2BD29F579486}.Debug|Win32.Build.0 = Debug|Win32
		{D6BC70C7-1A83-4046-8F36-2BD29F579486}.Debug|x64.ActiveCfg = Debug|x64
		{D6BC70C7-1A83-4046-8F36-2BD29F579486}.Debug|x64.Build.0 = Debug|x64
		{D6BC70C7-1A83-4046-8F36-2BD29F579486}.Release_Dll|Win32.ActiveCfg = Release|Win32
		{D6BC70C7-1A83-4046-8F36-2BD29F579486}.Release_Dll|Win32.Build.0 = Release|Win32
		{D6BC70C7-1A83-4046-8F36-2BD29F579486}.Release_Dll|x64.ActiveCfg = Release|x64
		{D6BC70C7-1A83-4046-8F36-2BD29F579486}.Release_Dll|x64.Build.0 = Release|x64
		{D6BC70C7-1A83-4046-8F36-2BD29F579486}.Release|Win32.ActiveCfg = Release|Win32
		{D6BC70C7-1A83-4046-8F36-2BD29F579486}.Release|Win32.Build.0 = Release|Win32
		{D6BC70C7-1A83-4046-8F36-2BD29F579486}.Release|x64.ActiveCfg = Release|x64
		{D6BC70C7-1A83-4046-8F36-2BD29F579486}.Release|x64.Build.0 = Release|x64
		{892AE58C-CDE1-40B8-89C3-AF3C1EF246E4}.Debug_Dll|Win32.ActiveCfg = Debug|Win32
		{892AE58C-CDE1-40B8-89C3-AF3C1EF246E4}.Debug_Dll|Win32.Build.0 = Debug|Win32
		{892AE58C-CDE1-40B8-89C3-AF3C1EF246E4}.Debug_Dll|x64.ActiveCfg = Debug|x64
		{892AE58C-CDE1-40B8-89C3-AF3C1EF246E4}.Debug_Dll|x64.Build.0 = Debug|x64
		{892AE58C-CDE1-40B8-89C3-AF3C1EF246E4}.Debug|Win32.ActiveCfg = Debug|Win32
		{892AE58C-CDE1-40B8-89C3-AF3C1EF246E4}.Debug|Win32.Build.0 = Debug|Win32
		{892AE58C-CDE1-40B8-89C3-AF3C1EF246E4}.Debug|x64.ActiveCfg = Debug|x64
		{892AE58C-CDE1-40B8-89C3-AF3C1EF246E4}.Debug|x64.Build.0 = Debug|x64
		{892AE58C-CDE1-40B8-89C3-AF3C1EF246E4}.Release_Dll|Win32.ActiveCfg = Release|Win32
		{892AE58C-CDE1-40B8-89C3-AF3C1EF246E4}.Release_Dll|Win32.Build.0 = Release|Win32
		{892AE58C-CDE1-40B8-89C3-AF3C1EF246E4}.Release_Dll|x64.ActiveCfg = Release|x64
		{892AE58C-CDE1-40B8-89C3-AF3C1EF246E4}.Release_Dll|x64.Build.0 = Release|x64
		{892AE58C-CDE1-40B8-89C3-AF3C1EF246E4}.Release|Win32.ActiveCfg = Release|Win32
		{892AE58C-CDE1-40B8-89C3-AF3C1EF246E4}.Release|Win32.Build.0 = Release|Win32
		{892AE58C-CDE1-40B8-89C3-AF3C1EF246E4}.Release|x64.ActiveCfg = Release|x64
		{892AE58C-CDE1-40B8-89C3-AF3C1EF246E4}.Release|x64.Build.0 = Release|x64
		{361D281F-7F51-43E9-ABB3-FB8BF0D1B966}.Debug_Dll|Win32.ActiveCfg = Debug|Win32
		{361D281F-7F51-43E9-ABB3-FB8BF0D1B966}.Debug_Dll|Win32.Build.0 = Debug|Win32
		{361D281F-7F51-43E9-ABB3-FB8BF0D1B966}.Debug_Dll|x64.ActiveCfg = Debug|x64
		{361D281F-7F51-43E9-ABB3-FB8BF0D1B966}.Debug_Dll|x64.Build.0 = Debug|x64
		{361D281F-7F51-43E9-ABB3-FB8BF0D1B966}.Debug|Win32.ActiveCfg = Debug|Win32
		{361D281F-7F51-43E9-ABB3-FB8BF0D1B966}.Debug|Win32.Build.0 = Debug|Win32
		{361D281F-7F51-43E9-ABB3-FB8BF0D1B966}.Debug|x64.ActiveCfg = Debug|x64
		{361D281F-7F51-43E9-ABB3-FB8BF0D1B966}.Debug|x64.Build.0 = Debug|x64
		{361D281F-7F51-43E9-ABB3-FB8BF0D1B966}.Release_Dll|Win32.ActiveCfg = Release|Win32
		{361D281F-7F51-43E9-ABB3-FB8BF0D1B966}.Release_Dll|Win32.Build.0 = Release|Win32
		{361D281F-7F51-43E9-ABB3-FB8BF0D1B966}.Release_Dll|x64.ActiveCfg = Release|x64
		{361D281F-7F51-43E9-ABB3-FB8BF0D1B966}.Release_Dll|x64.Build.0 = Release|x64
		{361D281F-7F51-43E9-ABB3-FB8BF0D1B966}.Release|Win32.ActiveCfg = Release|Win32
		{361D281F-7F51-43E9-ABB3-FB8BF0D1B966}.Release|Win32.Build.0 = Release|Win32
		{361D281F-7F51-43E9-ABB3-FB8BF0D1B966}.Release|x64.ActiveCfg = Release|x64
		{361D281F-7F51-43E9-ABB3-FB8BF0D1B966}.Release|x64.Build.0 = Release|x64
		{02145069-CC41-42DF-87B5-777CAD79ADED}.Debug_Dll|Win32.ActiveCfg = Debug|Win32
		{02145069-CC41-42DF-87B5-777CAD79ADED}.Debug_Dll|Win32.Build.0 = Debug|Win32
		{02145069-CC41-42DF-87B5-777CAD79ADED}.Debug_Dll|x64.ActiveCfg = Debug|x64
		{02145069-CC41-42DF-87B5-777CAD79ADED}.Debug_Dll|x64.Build.0 = Debug|x64
		{02145069-CC41-42DF-87B5-777CAD79ADED}.Debug|Win32.ActiveCfg = Debug|Win32
		{02145069-CC41-42DF-87B5-777CAD79ADED}.Debug|Win32.Build.0 = Debug|Win32
		{02145069-CC41-42DF-87B5-777CAD79ADED}.Debug|x64.ActiveCfg = Debug|x64
		{02145069-CC41-42DF-87B5-777CAD79ADED}.Debug|x64.Build.0 = Debug|x64
		{02145069-CC41-42DF-87B5-777CAD79ADED}.Release_Dll|Win32.ActiveCfg = Release|Win32
		{02145069-CC41-42DF-87B5-777CAD79ADED}.Release_Dll|Win32.Build.0 = Release|Win32
		{02145069-CC41-42DF-87B5-777CAD79ADED}.Release_Dll|x64.ActiveCfg = Release|x64
		{02145069-CC41-42DF-87B5-777CAD79ADED}.Release_Dll|x64.Build.0 = Release|x64
		{02145069-CC41-42DF-87B5-777CAD79ADED}.Release|Win32.ActiveCfg = Release|Win32
		{02145069-CC41-42DF-87B5-777CAD79ADED}.Release|Win32.Build.0 = Release|Win32
		{02145069-CC41-42DF-87B5-777CAD79ADED}.Release|x64.ActiveCfg = Release|x64
		{02145069-CC41-42DF-87B5-777CAD79ADED}.Release|x64.Build.0 = Release|x64
		{785E6C08-2955-4C0D-9F14-1F3E1CBC40EB}.Debug_Dll|Win32.ActiveCfg = Debug|Win32
		{785E6C08-2955-4C0D-9F14-1F3E1CBC40EB}.Debug_Dll|Win32.Build.0 = Debug|Win32
		{785E6C08-2955-4C0D-9F14-1F3E1CBC40EB}.Debug_Dll|x64.ActiveCfg = Debug|x64
		{785E6C08-2955-4C0D-9F14-1F3E1CBC40EB}.Debug_Dll|x64.Build.0 = Debug|x64
		{785E6C08-2955-4C0D-9F14-1F3E1CBC40EB}.Debug|Win32.ActiveCfg = Debug|Win32
		{785E6C08-2955-4C0D-9F14-1F3E1CBC40EB}.Debug|Win32.Build.0 = Debug|Win32
		{785E6C08-2955-4C0D-9F14-1F3E1CBC40EB}.Debug|x64.ActiveCfg = Debug|x64
		{785E6C08-2955-4C0D-9F14-1F3E1CBC40EB}.Debug|x64.Build.0 = Debug|x64
		{785E6C08-2955-4C0D-9F14-1F3E1CBC40EB}.Release_Dll|Win32.ActiveCfg = Release|Win32
		{785E6C08-2955-4C0D-9F14-1F3E1CBC40EB}.Release_Dll|Win32.Build.0 = Release|Win32
		{785E6C08-2955-4C0D-9F14-1F3E1CBC40EB}.Release_Dll|x64.ActiveCfg = Release|x64
		{785E6C08-2955-4C0D-9F14-1F3E1CBC40EB}.Release_Dll|x64.Build.0 = Release|x64
		{785E6C08-2955-4C0D-9F14-1F3E1CBC40EB}.Release|Win32.ActiveCfg = Release|Win32
		{785E6C08-2955-4C0D-9F14-1F3E1CBC40EB}.Release|Win32.Build.0 = Release|Win32
		{785E6C08-2955-4C0D-9F14-1F3E1CBC40EB}.Release|x64.ActiveCfg = Release|x64
		{785E6C08-2955-4C0D-9F14-1F3E1CBC40EB}.Release|x64.Build.0 = Release|x64
		{D533B0C5-5C17-4718-BAF8-0FAE63A4C824}.Debug_Dll|Win32.ActiveCfg = Debug|Win32
		{D533B0C5-5C17-4718-BAF8-0FAE63A4C824}.Debug_Dll|Win32.Build.0 = Debug|Win32
		{D533B0C5-5C17-4718-BAF8-0FAE63A4C824}.Debug_Dll|x64.ActiveCfg = Debug|x64
		{D533B0C5-5C17-4718-BAF8-0FAE63A4C824}.Debug_Dll|x64.Build.0 = Debug|x64
		{D533B0C5-5C17-4718-BAF8-0FAE63A4C824}.Debug|Win32.ActiveCfg = Debug|Win32
		{D533B0C5-5C17-4718-BAF8-0FAE63A4C824}.Debug|Win32.Build.0 = Debug|Win32
		{D533B0C5-5C17-4718-BAF8-0FAE63A4C824}.Debug|x64.ActiveCfg = Debug|x64
		{D533B0C5-5C17-4718-BAF8-0FAE63A4C824}.Debug|x64.Build.0 = Debug|x64
		{D533B0C5-5C17-4718-BAF8-0FAE63A4C824}.Release_Dll|Win32.ActiveCfg = Release|Win32
		{D533B0C5-5C17-4718-BAF8-0FAE63A4C824}.Release_Dll|Win32.Build.0 = Release|Win32
		{D533B0C5-5C17-4718-BAF8-0FAE63A4C824}.Release_Dll|x64.ActiveCfg = Release|x64
		{D533B0C5-5C17-4718-BAF8-0FAE63A4C824}.Release_Dll|x64.Build.0 = Release|x64
		{D533B0C5-5C17-4718-BAF8-0FAE63A4C824}.Release|Win32.ActiveCfg = Release|Win32
		{D533B0C5-5C17-4718-BAF8-0FAE63A4C824}.Release|Win32.Build.0 = Release|Win32
		{D533B0C5-5C17-4718-BAF8-0FAE63A4C824}.Release|x64.ActiveCfg = Release|x64
		{D533B0C5-5C17-4718-BAF8-0FAE63A4C824}.Release|x64.Build.0 = Release|x64
		{A25EBDF2-4378-4A93-AA63-091AD95CA526}.Debug_Dll|Win32.ActiveCfg = Debug|Win32
		{A25EBDF2-4378-4A93-AA63-091AD95CA526}.Debug_Dll|Win32.Build.0 = Debug|Win32
		{A25EBDF2-4378-4A93-AA63-091AD95CA526}.Debug_Dll|x64.ActiveCfg = Debug|x64
		{A25EBDF2-4378-4A93-AA63-091AD95CA526}.Debug_Dll|x64.Build.0 = Debug|x64
		{A25EBDF2-4378-4A93-AA63-091AD95CA526}.Debug|Win32.ActiveCfg = Debug|Win32
		{A25EBDF2-4378-4A93-AA63-091AD95CA526}.Debug|Win32.Build.0 = Debug|Win32
		{A25EBDF2-4378-4A93-AA63-091AD95CA526}.Debug|x64.ActiveCfg = Debug|x64
		{A25EBDF2-4378-4A93-AA63-091AD95CA526}.Debug|x64.Build.0 = Debug|x64
		{A25EBDF2-4378-4A93-AA63-091AD95CA526}.Release_Dll|Win32.ActiveCfg = Release|Win32
		{A25EBDF2-4378-4A93-AA63-091AD95CA526}.Release_Dll|Win32.Build.0 = Release|Win32
		{A25EBDF2-4378-4A93-AA63-091AD95CA526}.Release_Dll|x64.ActiveCfg = Release|x64
		{A25EBDF2-4378-4A93-AA63-091AD95CA526}.Release_Dll|x64.Build.0 = Release|x64
		{A25EBDF2-4378-4A93-AA63-091AD95CA526}.Release|Win32.ActiveCfg = Release|Win32
		{A25EBDF2-4378-4A93-AA63-091AD95CA526}.Release|Win32.Build.0 = Release|Win32
		{A25EBDF2-4378-4A93-AA63-091AD95CA526}.Release|x64.ActiveCfg = Release|x64
		{A25EBDF2-4378-4A93-AA63-091AD95CA526}.Release|x64.Build.0 = Release|x64
		{80021B9D-89D5-4254-B36C-F74B0FDE1B6B}.Debug_Dll|Win32.ActiveCfg = Debug|Win32
		{80021B9D-89D5-4254-B36C-F74B0FDE1B6B}.Debug_Dll|Win32.Build.0 = Debug|Win32
		{80021B9D-89D5-4254-B36C-F74B0FDE1B6B}.Debug_Dll|x64.ActiveCfg = Debug|x64
		{80021B9D-89D5-4254-B36C-F74B0FDE1B6B}.Debug_Dll|x64.Build.0 = Debug|x64
		{80021B9D-89D5-4254-B36C-F74B0FDE1B6B}.Debug|Win32.ActiveCfg = Debug|Win32
		{80021B9D-89D5-4254-B36C-F74B0FDE1B6B}.Debug|Win32.Build.0 = Debug|Win32
		{80021B9D-89D5-4254-B36C-F74B0FDE1B6B}.Debug|x64.ActiveCfg = Debug|x64
		{80021B9D-89D5-4254-B36C-F74B0FDE1B6B}.Debug|x64.Build.0 = Debug|x64
		{80021B9D-89D5-4254-B36C-F74B0FDE1B6B}.Release_Dll|Win32.ActiveCfg = Release|Win32
		{80021B9D-89D5-4254-B36C-F74B0FDE1B6B}.Release_Dll|Win32.Build.0 = Release|Win32
		{80021B9D-89D5-4254-B36C-F74B0FDE1B6B}.Release_Dll|x64.ActiveCfg = Release|x64
		{80021B9D-89D5-4254-B36C-F74B0FDE1B6B}.Release_Dll|x64.Build.0 = Release|x64
		{80021B9D-89D5-4254-B36C-F74B0FDE1B6B}.Release|Win32.ActiveCfg = Release|Win32
		{80021B9D-89D5-4254-B36C-F74B0FDE1B6B}.Release|Win32.Build.0 = Release|Win32
		{80021B9D-89D5-4254-B36C-F74B0FDE1B6B}.Release|x64.ActiveCfg = Release|x64
		{80021B9D-89D5-4254-B36C-F74B0FDE1B6B}.Release|x64.Build.0 = Release|x64
		{6623EDF9-FAAA-44E9-A984-C96181192EDD}.Debug_Dll|Win32.ActiveCfg = Debug|Win32
		{6623EDF9-FAAA-44E9-A984-C96181192EDD}.Debug_Dll|Win32.Build.0 = Debug|Win32
		{6623EDF9-FAAA-44E9-A984-C96181192EDD}.Debug_Dll|x64.ActiveCfg = Debug|x64
		{6623EDF9-FAAA-44E9-A984-C96181192EDD}.Debug_Dll|x64.Build.0 = Debug|x64
		{6623EDF9-FAAA-44E9-A984-C96181192EDD}.Debug|Win32.ActiveCfg = Debug|Win32
		{6623EDF9-FAAA-44E9-A984-C96181192EDD}.Debug|Win32.Build.0 = Debug|Win32
		{6623EDF9-FAAA-44E9-A984-C96181192EDD}.Debug|x64.ActiveCfg = Debug|x64
		{6623EDF9-FAAA-44E9-A984-C96181192EDD}.Debug|x64.Build.0 = Debug|x64
		{6623EDF9-FAAA-44E9-A984-C96181192EDD}.Release_Dll|Win32.ActiveCfg = Release|Win32
		{6623EDF9-FAAA-44E9-A984-C96181192EDD}.Release_Dll|Win32.Build.0 = Release|Win32
		{6623EDF9-FAAA-44E9-A984-C96181192EDD}.Release_Dll|x64.ActiveCfg = Release|x64
		{6623EDF9-FAAA-44E9-A984-C96181192EDD}.Release_Dll|x64.Build.0 = Release|x64
		{6623EDF9-FAAA-44E9-A984-C96181192EDD}.Release|Win32.ActiveCfg = Release|Win32
		{6623EDF9-FAAA-44E9-A984-C96181192EDD}.Release|Win32.Build.0 = Release|Win32
		{6623EDF9-FAAA-44E9-A984-C96181192EDD}.Release|x64.ActiveCfg = Release|x64
		{6623EDF9-FAAA-44E9-A984-C96181192EDD}.Release|x64.Build.0 = Release|x64
		{FA117BF7-C092-4CD9-A3AB-E3257DA04DE0}.Debug_Dll|Win32.ActiveCfg = Debug|Win32
		{FA117BF7-C092-4CD9-A3AB-E3257DA04DE0}.Debug_Dll|Win32.Build.0 = Debug|Win32
		{FA117BF7-C092-4CD9-A3AB-E3257DA04DE0}.Debug_Dll|x64.ActiveCfg = Debug|x64
		{FA117BF7-C092-4CD9-A3AB-E3257DA04DE0}.Debug_Dll|x64.Build.0 = Debug|x64
		{FA117BF7-C092-4CD9-A3AB-E3257DA04DE0}.Debug|Win32.ActiveCfg = Debug|Win32
		{FA117BF7-C092-4CD9-A3AB-E3257DA04DE0}.Debug|Win32.Build.0 = Debug|Win32
		{FA117BF7-C092-4CD9-A3AB-E3257DA04DE0}.Debug|x64.ActiveCfg = Debug|x64
		{FA117BF7-C092-4CD9-A3AB-E3257DA04DE0}.Debug|x64.Build.0 = Debug|x64
		{FA117BF7-C092-4CD9-A3AB-E3257DA04DE0}.Release_Dll|Win32.ActiveCfg = Release|Win32
		{FA117BF7-C092-4CD9-A3AB-E3257DA04DE0}.Release_Dll|Win32.Build.0 = Release|Win32
		{FA117BF7-C092-4CD9-A3AB-E3257DA04DE0}.Release_Dll|x64.ActiveCfg = Release|x64
		{FA117BF7-C092-4CD9-A3AB-E3257DA04DE0}.Release_Dll|x64.Build.0 = Release|x64
		{FA117BF7-C092-4CD9-A3AB-E3257DA04DE0}.Release|Win32.ActiveCfg = Release|Win32
		{FA117BF7-C092-4CD9-A3AB-E3257DA04DE0}.Release|Win32.Build.0 = Release|Win32
		{FA117BF7-C092-4CD9-A3AB-E3257DA04DE0}.Release|x64.ActiveCfg = Release|x64
		{FA117BF7-C092-4CD9-A3AB-E3257DA04DE0}.Release|x64.Build.0 = Release|x64
		{5AF4ECA2-48D3-4AC5-9C6F-0A2F748B80C5}.Debug_Dll|Win32.ActiveCfg = Debug_Dll|Win32
		{5AF4ECA2-48D3-4AC5-9C6F-0A2F748B80C5}.Debug_Dll|Win32.Build.0 = Debug_Dll|Win32
		{5AF4ECA2-48D3-4AC5-9C6F-0A2F748B80C5}.Debug_Dll|x64.ActiveCfg = Debug_Dll|x64
		{5AF4ECA2-48D3-4AC5-9C6F-0A2F748B80C5}.Debug_Dll|x64.Build.0 = Debug_Dll|x64
		{5AF4ECA2-48D3-4AC5-9C6F-0A2F748B80C5}.Debug|Win32.ActiveCfg = Debug|Win32
		{5AF4ECA2-48D3-4AC5-9C6F-0A2F748B80C5}.Debug|Win32.Build.0 = Debug|Win32
		{5AF4ECA2-48D3-4AC5-9C6F-0A2F748B80C5}.Debug|x64.ActiveCfg = Debug|x64
		{5AF4ECA2-48D3-4AC5-9C6F-0A2F748B80C5}.Debug|x64.Build.0 = Debug|x64
		{5AF4ECA2-48D3-4AC5-9C6F-0A2F748B80C5}.Release_Dll|Win32.ActiveCfg = Release_Dll|Win32
		{5AF4ECA2-48D3-4AC5-9C6F-0A2F748B80C5}.Release_Dll|Win32.Build.0 = Release_Dll|Win32
		{5AF4ECA2-48D3-4AC5-9C6F-0A2F748B80C5}.Release_Dll|x64.ActiveCfg = Release_Dll|x64
		{5AF4ECA2-48D3-4AC5-9C6F-0A2F748B80C5}.Release_Dll|x64.Build.0 = Release_Dll|x64
		{5AF4ECA2-48D3-4AC5-9C6F-0A2F748B80C5}.Release|Win32.ActiveCfg = Release|Win32
		{5AF4ECA2-48D3-4AC5-9C6F-0A2F748B80C5}.Release|Win32.Build.0 = Release|Win32
		{5AF4ECA2-48D3-4AC5-9C6F-0A2F748B80C5}.Release|x64.ActiveCfg = Release|x64
		{5AF4ECA2-48D3-4AC5-9C6F-0A2F748B80C5}.Release|x64.Build.0 = Release|x64
		{53AB735E-3576-478F-9494-E74A0B0EEAD5}.Debug_Dll|Win32.ActiveCfg = Debug|Win32
		{53AB735E-3576-478F-9494-E74A0B0EEAD5}.Debug_Dll|Win32.Build.0 = Debug|Win32
		{53AB735E-3576-478F-9494-E74A0B0EEAD5}.Debug_Dll|x64.ActiveCfg = Debug|Win32
		{53AB735E-3576-478F-9494-E74A0B0EEAD5}.Debug|Win32.ActiveCfg = Debug|Win32
		{53AB735E-3576-478F-9494-E74A0B0EEAD5}.Debug|Win32.Build.0 = Debug|Win32
		{53AB735E-3576-478F-9494-E74A0B0EEAD5}.Debug|x64.ActiveCfg = Debug|x64
		{53AB735E-3576-478F-9494-E74A0B0EEAD5}.Release_Dll|Win32.ActiveCfg = Release|Win32
		{53AB735E-3576-478F-9494-E74A0B0EEAD5}.Release_Dll|Win32.Build.0 = Release|Win32
		{53AB735E-3576-478F-9494-E74A0B0EEAD5}.Release_Dll|x64.ActiveCfg = Release|Win32
		{53AB735E-3576-478F-9494-E74A0B0EEAD5}.Release|Win32.ActiveCfg = Release|Win32
		{53AB735E-3576-478F-9494-E74A0B0EEAD5}.Release|Win32.Build.0 = Release|Win32
		{53AB735E-3576-478F-9494-E74A0B0EEAD5}.Release|x64.ActiveCfg = Release|x64
	EndGlobalSection
	GlobalSection(SolutionProperties) = preSolution
		HideSolutionNode = FALSE
	EndGlobalSection
	GlobalSection(NestedProjects) = preSolution
		{D6BC70C7-1A83-4046-8F36-2BD29F579486} = {93AB72CD-C2AC-4BAB-BA87-DCCE20E9DED6}
		{5AF4ECA2-48D3-4AC5-9C6F-0A2F748B80C5} = {93AB72CD-C2AC-4BAB-BA87-DCCE20E9DED6}
		{892AE58C-CDE1-40B8-89C3-AF3C1EF246E4} = {F28B5041-2437-45B6-ADBC-4A5180AD54E9}
		{361D281F-7F51-43E9-ABB3-FB8BF0D1B966} = {F28B5041-2437-45B6-ADBC-4A5180AD54E9}
		{02145069-CC41-42DF-87B5-777CAD79ADED} = {F28B5041-2437-45B6-ADBC-4A5180AD54E9}
		{785E6C08-2955-4C0D-9F14-1F3E1CBC40EB} = {F28B5041-2437-45B6-ADBC-4A5180AD54E9}
		{D533B0C5-5C17-4718-BAF8-0FAE63A4C824} = {F28B5041-2437-45B6-ADBC-4A5180AD54E9}
		{A25EBDF2-4378-4A93-AA63-091AD95CA526} = {F28B5041-2437-45B6-ADBC-4A5180AD54E9}
		{FA117BF7-C092-4CD9-A3AB-E3257DA04DE0} = {F28B5041-2437-45B6-ADBC-4A5180AD54E9}
		{53AB735E-3576-478F-9494-E74A0B0EEAD5} = {F28B5041-2437-45B6-ADBC-4A5180AD54E9}
		{80021B9D-89D5-4254-B36C-F74B0FDE1B6B} = {E3766EE3-8EC3-4D91-8BD8-787E9B65EEC8}
		{6623EDF9-FAAA-44E9-A984-C96181192EDD} = {E3766EE3-8EC3-4D91-8BD8-787E9B65EEC8}
	EndGlobalSection
EndGlobal
